// !$*UTF8*$!
{
	archiveVersion = 1;
	classes = {
	};
	objectVersion = 56;
	objects = {

/* Begin PBXBuildFile section */
		63A1D0812B0E477D003CFE90 /* AppDelegate.swift in Sources */ = {isa = PBXBuildFile; fileRef = 63A1D0802B0E477D003CFE90 /* AppDelegate.swift */; };
		63A1D0832B0E477D003CFE90 /* SceneDelegate.swift in Sources */ = {isa = PBXBuildFile; fileRef = 63A1D0822B0E477D003CFE90 /* SceneDelegate.swift */; };
		63A1D0852B0E477D003CFE90 /* ViewController.swift in Sources */ = {isa = PBXBuildFile; fileRef = 63A1D0842B0E477D003CFE90 /* ViewController.swift */; };
		63A1D0882B0E477D003CFE90 /* Main.storyboard in Resources */ = {isa = PBXBuildFile; fileRef = 63A1D0862B0E477D003CFE90 /* Main.storyboard */; };
		63A1D08A2B0E477E003CFE90 /* Assets.xcassets in Resources */ = {isa = PBXBuildFile; fileRef = 63A1D0892B0E477E003CFE90 /* Assets.xcassets */; };
		63A1D08D2B0E477E003CFE90 /* LaunchScreen.storyboard in Resources */ = {isa = PBXBuildFile; fileRef = 63A1D08B2B0E477E003CFE90 /* LaunchScreen.storyboard */; };
		63A1D0962B0E492A003CFE90 /* libsqlite3.tbd in Frameworks */ = {isa = PBXBuildFile; fileRef = 63A1D0952B0E4902003CFE90 /* libsqlite3.tbd */; };
		63A1D0A62B0E49A3003CFE90 /* FMDatabasePool.m in Sources */ = {isa = PBXBuildFile; fileRef = 63A1D09A2B0E49A3003CFE90 /* FMDatabasePool.m */; };
		63A1D0A72B0E49A3003CFE90 /* FMDatabaseAdditions.m in Sources */ = {isa = PBXBuildFile; fileRef = 63A1D09D2B0E49A3003CFE90 /* FMDatabaseAdditions.m */; };
		63A1D0A82B0E49A3003CFE90 /* FMDatabase.m in Sources */ = {isa = PBXBuildFile; fileRef = 63A1D09E2B0E49A3003CFE90 /* FMDatabase.m */; };
		63A1D0A92B0E49A3003CFE90 /* FMResultSet.m in Sources */ = {isa = PBXBuildFile; fileRef = 63A1D0A12B0E49A3003CFE90 /* FMResultSet.m */; };
		63A1D0AA2B0E49A3003CFE90 /* FMDatabaseQueue.m in Sources */ = {isa = PBXBuildFile; fileRef = 63A1D0A22B0E49A3003CFE90 /* FMDatabaseQueue.m */; };
		63A1D0AB2B0E49A3003CFE90 /* info-xrOS.plist in Resources */ = {isa = PBXBuildFile; fileRef = 63A1D0A42B0E49A3003CFE90 /* info-xrOS.plist */; };
		63A1D0AD2B0E4C06003CFE90 /* DepartmentListVC.swift in Sources */ = {isa = PBXBuildFile; fileRef = 63A1D0AC2B0E4C06003CFE90 /* DepartmentListVC.swift */; };
		63A1D0AF2B0E4C1B003CFE90 /* EmployeeListVC.swift in Sources */ = {isa = PBXBuildFile; fileRef = 63A1D0AE2B0E4C1B003CFE90 /* EmployeeListVC.swift */; };
		63A1D0B12B0E4D6D003CFE90 /* hr.sqlite in Resources */ = {isa = PBXBuildFile; fileRef = 63A1D0B02B0E4D6D003CFE90 /* hr.sqlite */; };
		63A1D0B32B0E4D8D003CFE90 /* DepartmentDAO.swift in Sources */ = {isa = PBXBuildFile; fileRef = 63A1D0B22B0E4D8D003CFE90 /* DepartmentDAO.swift */; };
		63A1D0B52B0E5C95003CFE90 /* EmployeeDAO.swift in Sources */ = {isa = PBXBuildFile; fileRef = 63A1D0B42B0E5C95003CFE90 /* EmployeeDAO.swift */; };
/* End PBXBuildFile section */

/* Begin PBXFileReference section */
		63A1D07D2B0E477D003CFE90 /* Chapter06-HR.app */ = {isa = PBXFileReference; explicitFileType = wrapper.application; includeInIndex = 0; path = "Chapter06-HR.app"; sourceTree = BUILT_PRODUCTS_DIR; };
		63A1D0802B0E477D003CFE90 /* AppDelegate.swift */ = {isa = PBXFileReference; lastKnownFileType = sourcecode.swift; path = AppDelegate.swift; sourceTree = "<group>"; };
		63A1D0822B0E477D003CFE90 /* SceneDelegate.swift */ = {isa = PBXFileReference; lastKnownFileType = sourcecode.swift; path = SceneDelegate.swift; sourceTree = "<group>"; };
		63A1D0842B0E477D003CFE90 /* ViewController.swift */ = {isa = PBXFileReference; lastKnownFileType = sourcecode.swift; path = ViewController.swift; sourceTree = "<group>"; };
		63A1D0872B0E477D003CFE90 /* Base */ = {isa = PBXFileReference; lastKnownFileType = file.storyboard; name = Base; path = Base.lproj/Main.storyboard; sourceTree = "<group>"; };
		63A1D0892B0E477E003CFE90 /* Assets.xcassets */ = {isa = PBXFileReference; lastKnownFileType = folder.assetcatalog; path = Assets.xcassets; sourceTree = "<group>"; };
		63A1D08C2B0E477E003CFE90 /* Base */ = {isa = PBXFileReference; lastKnownFileType = file.storyboard; name = Base; path = Base.lproj/LaunchScreen.storyboard; sourceTree = "<group>"; };
		63A1D08E2B0E477E003CFE90 /* Info.plist */ = {isa = PBXFileReference; lastKnownFileType = text.plist.xml; path = Info.plist; sourceTree = "<group>"; };
		63A1D0952B0E4902003CFE90 /* libsqlite3.tbd */ = {isa = PBXFileReference; lastKnownFileType = "sourcecode.text-based-dylib-definition"; name = libsqlite3.tbd; path = usr/lib/libsqlite3.tbd; sourceTree = SDKROOT; };
		63A1D0992B0E49A3003CFE90 /* Chapter06-HR-Bridging-Header.h */ = {isa = PBXFileReference; lastKnownFileType = sourcecode.c.h; path = "Chapter06-HR-Bridging-Header.h"; sourceTree = "<group>"; };
		63A1D09A2B0E49A3003CFE90 /* FMDatabasePool.m */ = {isa = PBXFileReference; fileEncoding = 4; lastKnownFileType = sourcecode.c.objc; name = FMDatabasePool.m; path = fmdb_download/src/fmdb/FMDatabasePool.m; sourceTree = SOURCE_ROOT; };
		63A1D09B2B0E49A3003CFE90 /* FMDatabase.h */ = {isa = PBXFileReference; fileEncoding = 4; lastKnownFileType = sourcecode.c.h; name = FMDatabase.h; path = fmdb_download/src/fmdb/FMDatabase.h; sourceTree = SOURCE_ROOT; };
		63A1D09C2B0E49A3003CFE90 /* FMDB.h */ = {isa = PBXFileReference; fileEncoding = 4; lastKnownFileType = sourcecode.c.h; name = FMDB.h; path = fmdb_download/src/fmdb/FMDB.h; sourceTree = SOURCE_ROOT; };
		63A1D09D2B0E49A3003CFE90 /* FMDatabaseAdditions.m */ = {isa = PBXFileReference; fileEncoding = 4; lastKnownFileType = sourcecode.c.objc; name = FMDatabaseAdditions.m; path = fmdb_download/src/fmdb/FMDatabaseAdditions.m; sourceTree = SOURCE_ROOT; };
		63A1D09E2B0E49A3003CFE90 /* FMDatabase.m */ = {isa = PBXFileReference; fileEncoding = 4; lastKnownFileType = sourcecode.c.objc; name = FMDatabase.m; path = fmdb_download/src/fmdb/FMDatabase.m; sourceTree = SOURCE_ROOT; };
		63A1D09F2B0E49A3003CFE90 /* FMDatabasePool.h */ = {isa = PBXFileReference; fileEncoding = 4; lastKnownFileType = sourcecode.c.h; name = FMDatabasePool.h; path = fmdb_download/src/fmdb/FMDatabasePool.h; sourceTree = SOURCE_ROOT; };
		63A1D0A02B0E49A3003CFE90 /* FMResultSet.h */ = {isa = PBXFileReference; fileEncoding = 4; lastKnownFileType = sourcecode.c.h; name = FMResultSet.h; path = fmdb_download/src/fmdb/FMResultSet.h; sourceTree = SOURCE_ROOT; };
		63A1D0A12B0E49A3003CFE90 /* FMResultSet.m */ = {isa = PBXFileReference; fileEncoding = 4; lastKnownFileType = sourcecode.c.objc; name = FMResultSet.m; path = fmdb_download/src/fmdb/FMResultSet.m; sourceTree = SOURCE_ROOT; };
		63A1D0A22B0E49A3003CFE90 /* FMDatabaseQueue.m */ = {isa = PBXFileReference; fileEncoding = 4; lastKnownFileType = sourcecode.c.objc; name = FMDatabaseQueue.m; path = fmdb_download/src/fmdb/FMDatabaseQueue.m; sourceTree = SOURCE_ROOT; };
		63A1D0A32B0E49A3003CFE90 /* FMDatabaseAdditions.h */ = {isa = PBXFileReference; fileEncoding = 4; lastKnownFileType = sourcecode.c.h; name = FMDatabaseAdditions.h; path = fmdb_download/src/fmdb/FMDatabaseAdditions.h; sourceTree = SOURCE_ROOT; };
		63A1D0A42B0E49A3003CFE90 /* info-xrOS.plist */ = {isa = PBXFileReference; lastKnownFileType = text.plist; name = "info-xrOS.plist"; path = "fmdb_download/src/fmdb/info-xrOS.plist"; sourceTree = SOURCE_ROOT; };
		63A1D0A52B0E49A3003CFE90 /* FMDatabaseQueue.h */ = {isa = PBXFileReference; fileEncoding = 4; lastKnownFileType = sourcecode.c.h; name = FMDatabaseQueue.h; path = fmdb_download/src/fmdb/FMDatabaseQueue.h; sourceTree = SOURCE_ROOT; };
		63A1D0AC2B0E4C06003CFE90 /* DepartmentListVC.swift */ = {isa = PBXFileReference; lastKnownFileType = sourcecode.swift; path = DepartmentListVC.swift; sourceTree = "<group>"; };
		63A1D0AE2B0E4C1B003CFE90 /* EmployeeListVC.swift */ = {isa = PBXFileReference; lastKnownFileType = sourcecode.swift; path = EmployeeListVC.swift; sourceTree = "<group>"; };
		63A1D0B02B0E4D6D003CFE90 /* hr.sqlite */ = {isa = PBXFileReference; lastKnownFileType = file; path = hr.sqlite; sourceTree = "<group>"; };
		63A1D0B22B0E4D8D003CFE90 /* DepartmentDAO.swift */ = {isa = PBXFileReference; lastKnownFileType = sourcecode.swift; path = DepartmentDAO.swift; sourceTree = "<group>"; };
		63A1D0B42B0E5C95003CFE90 /* EmployeeDAO.swift */ = {isa = PBXFileReference; lastKnownFileType = sourcecode.swift; path = EmployeeDAO.swift; sourceTree = "<group>"; };
/* End PBXFileReference section */

/* Begin PBXFrameworksBuildPhase section */
		63A1D07A2B0E477D003CFE90 /* Frameworks */ = {
			isa = PBXFrameworksBuildPhase;
			buildActionMask = 2147483647;
			files = (
				63A1D0962B0E492A003CFE90 /* libsqlite3.tbd in Frameworks */,
			);
			runOnlyForDeploymentPostprocessing = 0;
		};
/* End PBXFrameworksBuildPhase section */

/* Begin PBXGroup section */
		63A1D0742B0E477D003CFE90 = {
			isa = PBXGroup;
			children = (
				63A1D0982B0E498B003CFE90 /* fmdb */,
				63A1D07F2B0E477D003CFE90 /* Chapter06-HR */,
				63A1D07E2B0E477D003CFE90 /* Products */,
				63A1D0942B0E4902003CFE90 /* Frameworks */,
			);
			sourceTree = "<group>";
		};
		63A1D07E2B0E477D003CFE90 /* Products */ = {
			isa = PBXGroup;
			children = (
				63A1D07D2B0E477D003CFE90 /* Chapter06-HR.app */,
			);
			name = Products;
			sourceTree = "<group>";
		};
		63A1D07F2B0E477D003CFE90 /* Chapter06-HR */ = {
			isa = PBXGroup;
			children = (
				63A1D0B02B0E4D6D003CFE90 /* hr.sqlite */,
				63A1D0802B0E477D003CFE90 /* AppDelegate.swift */,
				63A1D0822B0E477D003CFE90 /* SceneDelegate.swift */,
				63A1D0842B0E477D003CFE90 /* ViewController.swift */,
				63A1D0AC2B0E4C06003CFE90 /* DepartmentListVC.swift */,
				63A1D0AE2B0E4C1B003CFE90 /* EmployeeListVC.swift */,
				63A1D0862B0E477D003CFE90 /* Main.storyboard */,
				63A1D0892B0E477E003CFE90 /* Assets.xcassets */,
				63A1D08B2B0E477E003CFE90 /* LaunchScreen.storyboard */,
				63A1D08E2B0E477E003CFE90 /* Info.plist */,
				63A1D0B22B0E4D8D003CFE90 /* DepartmentDAO.swift */,
				63A1D0B42B0E5C95003CFE90 /* EmployeeDAO.swift */,
			);
			path = "Chapter06-HR";
			sourceTree = "<group>";
		};
		63A1D0942B0E4902003CFE90 /* Frameworks */ = {
			isa = PBXGroup;
			children = (
				63A1D0952B0E4902003CFE90 /* libsqlite3.tbd */,
			);
			name = Frameworks;
			sourceTree = "<group>";
		};
		63A1D0982B0E498B003CFE90 /* fmdb */ = {
			isa = PBXGroup;
			children = (
				63A1D09B2B0E49A3003CFE90 /* FMDatabase.h */,
				63A1D09E2B0E49A3003CFE90 /* FMDatabase.m */,
				63A1D0A32B0E49A3003CFE90 /* FMDatabaseAdditions.h */,
				63A1D09D2B0E49A3003CFE90 /* FMDatabaseAdditions.m */,
				63A1D09F2B0E49A3003CFE90 /* FMDatabasePool.h */,
				63A1D09A2B0E49A3003CFE90 /* FMDatabasePool.m */,
				63A1D0A52B0E49A3003CFE90 /* FMDatabaseQueue.h */,
				63A1D0A22B0E49A3003CFE90 /* FMDatabaseQueue.m */,
				63A1D09C2B0E49A3003CFE90 /* FMDB.h */,
				63A1D0A02B0E49A3003CFE90 /* FMResultSet.h */,
				63A1D0A12B0E49A3003CFE90 /* FMResultSet.m */,
				63A1D0A42B0E49A3003CFE90 /* info-xrOS.plist */,
				63A1D0992B0E49A3003CFE90 /* Chapter06-HR-Bridging-Header.h */,
			);
			path = fmdb;
			sourceTree = "<group>";
		};
/* End PBXGroup section */

/* Begin PBXNativeTarget section */
		63A1D07C2B0E477D003CFE90 /* Chapter06-HR */ = {
			isa = PBXNativeTarget;
			buildConfigurationList = 63A1D0912B0E477E003CFE90 /* Build configuration list for PBXNativeTarget "Chapter06-HR" */;
			buildPhases = (
				63A1D0792B0E477D003CFE90 /* Sources */,
				63A1D07A2B0E477D003CFE90 /* Frameworks */,
				63A1D07B2B0E477D003CFE90 /* Resources */,
			);
			buildRules = (
			);
			dependencies = (
			);
			name = "Chapter06-HR";
			productName = "Chapter06-HR";
			productReference = 63A1D07D2B0E477D003CFE90 /* Chapter06-HR.app */;
			productType = "com.apple.product-type.application";
		};
/* End PBXNativeTarget section */

/* Begin PBXProject section */
		63A1D0752B0E477D003CFE90 /* Project object */ = {
			isa = PBXProject;
			attributes = {
				BuildIndependentTargetsInParallel = 1;
				LastSwiftUpdateCheck = 1500;
				LastUpgradeCheck = 1500;
				TargetAttributes = {
					63A1D07C2B0E477D003CFE90 = {
						CreatedOnToolsVersion = 15.0.1;
						LastSwiftMigration = 1500;
					};
				};
			};
			buildConfigurationList = 63A1D0782B0E477D003CFE90 /* Build configuration list for PBXProject "Chapter06-HR" */;
			compatibilityVersion = "Xcode 14.0";
			developmentRegion = en;
			hasScannedForEncodings = 0;
			knownRegions = (
				en,
				Base,
			);
			mainGroup = 63A1D0742B0E477D003CFE90;
			productRefGroup = 63A1D07E2B0E477D003CFE90 /* Products */;
			projectDirPath = "";
			projectRoot = "";
			targets = (
				63A1D07C2B0E477D003CFE90 /* Chapter06-HR */,
			);
		};
/* End PBXProject section */

/* Begin PBXResourcesBuildPhase section */
		63A1D07B2B0E477D003CFE90 /* Resources */ = {
			isa = PBXResourcesBuildPhase;
			buildActionMask = 2147483647;
			files = (
				63A1D08D2B0E477E003CFE90 /* LaunchScreen.storyboard in Resources */,
				63A1D08A2B0E477E003CFE90 /* Assets.xcassets in Resources */,
				63A1D0B12B0E4D6D003CFE90 /* hr.sqlite in Resources */,
				63A1D0AB2B0E49A3003CFE90 /* info-xrOS.plist in Resources */,
				63A1D0882B0E477D003CFE90 /* Main.storyboard in Resources */,
			);
			runOnlyForDeploymentPostprocessing = 0;
		};
/* End PBXResourcesBuildPhase section */

/* Begin PBXSourcesBuildPhase section */
		63A1D0792B0E477D003CFE90 /* Sources */ = {
			isa = PBXSourcesBuildPhase;
			buildActionMask = 2147483647;
			files = (
				63A1D0B52B0E5C95003CFE90 /* EmployeeDAO.swift in Sources */,
				63A1D0852B0E477D003CFE90 /* ViewController.swift in Sources */,
				63A1D0AD2B0E4C06003CFE90 /* DepartmentListVC.swift in Sources */,
				63A1D0B32B0E4D8D003CFE90 /* DepartmentDAO.swift in Sources */,
				63A1D0AF2B0E4C1B003CFE90 /* EmployeeListVC.swift in Sources */,
				63A1D0AA2B0E49A3003CFE90 /* FMDatabaseQueue.m in Sources */,
				63A1D0A62B0E49A3003CFE90 /* FMDatabasePool.m in Sources */,
				63A1D0A92B0E49A3003CFE90 /* FMResultSet.m in Sources */,
				63A1D0812B0E477D003CFE90 /* AppDelegate.swift in Sources */,
				63A1D0A82B0E49A3003CFE90 /* FMDatabase.m in Sources */,
				63A1D0832B0E477D003CFE90 /* SceneDelegate.swift in Sources */,
				63A1D0A72B0E49A3003CFE90 /* FMDatabaseAdditions.m in Sources */,
			);
			runOnlyForDeploymentPostprocessing = 0;
		};
/* End PBXSourcesBuildPhase section */

/* Begin PBXVariantGroup section */
		63A1D0862B0E477D003CFE90 /* Main.storyboard */ = {
			isa = PBXVariantGroup;
			children = (
				63A1D0872B0E477D003CFE90 /* Base */,
			);
			name = Main.storyboard;
			sourceTree = "<group>";
		};
		63A1D08B2B0E477E003CFE90 /* LaunchScreen.storyboard */ = {
			isa = PBXVariantGroup;
			children = (
				63A1D08C2B0E477E003CFE90 /* Base */,
			);
			name = LaunchScreen.storyboard;
			sourceTree = "<group>";
		};
/* End PBXVariantGroup section */

/* Begin XCBuildConfiguration section */
		63A1D08F2B0E477E003CFE90 /* Debug */ = {
			isa = XCBuildConfiguration;
			buildSettings = {
				ALWAYS_SEARCH_USER_PATHS = NO;
				ASSETCATALOG_COMPILER_GENERATE_SWIFT_ASSET_SYMBOL_EXTENSIONS = YES;
				CLANG_ANALYZER_NONNULL = YES;
				CLANG_ANALYZER_NUMBER_OBJECT_CONVERSION = YES_AGGRESSIVE;
				CLANG_CXX_LANGUAGE_STANDARD = "gnu++20";
				CLANG_ENABLE_MODULES = YES;
				CLANG_ENABLE_OBJC_ARC = YES;
				CLANG_ENABLE_OBJC_WEAK = YES;
				CLANG_WARN_BLOCK_CAPTURE_AUTORELEASING = YES;
				CLANG_WARN_BOOL_CONVERSION = YES;
				CLANG_WARN_COMMA = YES;
				CLANG_WARN_CONSTANT_CONVERSION = YES;
				CLANG_WARN_DEPRECATED_OBJC_IMPLEMENTATIONS = YES;
				CLANG_WARN_DIRECT_OBJC_ISA_USAGE = YES_ERROR;
				CLANG_WARN_DOCUMENTATION_COMMENTS = YES;
				CLANG_WARN_EMPTY_BODY = YES;
				CLANG_WARN_ENUM_CONVERSION = YES;
				CLANG_WARN_INFINITE_RECURSION = YES;
				CLANG_WARN_INT_CONVERSION = YES;
				CLANG_WARN_NON_LITERAL_NULL_CONVERSION = YES;
				CLANG_WARN_OBJC_IMPLICIT_RETAIN_SELF = YES;
				CLANG_WARN_OBJC_LITERAL_CONVERSION = YES;
				CLANG_WARN_OBJC_ROOT_CLASS = YES_ERROR;
				CLANG_WARN_QUOTED_INCLUDE_IN_FRAMEWORK_HEADER = YES;
				CLANG_WARN_RANGE_LOOP_ANALYSIS = YES;
				CLANG_WARN_STRICT_PROTOTYPES = YES;
				CLANG_WARN_SUSPICIOUS_MOVE = YES;
				CLANG_WARN_UNGUARDED_AVAILABILITY = YES_AGGRESSIVE;
				CLANG_WARN_UNREACHABLE_CODE = YES;
				CLANG_WARN__DUPLICATE_METHOD_MATCH = YES;
				COPY_PHASE_STRIP = NO;
				DEBUG_INFORMATION_FORMAT = dwarf;
				ENABLE_STRICT_OBJC_MSGSEND = YES;
				ENABLE_TESTABILITY = YES;
				ENABLE_USER_SCRIPT_SANDBOXING = YES;
				GCC_C_LANGUAGE_STANDARD = gnu17;
				GCC_DYNAMIC_NO_PIC = NO;
				GCC_NO_COMMON_BLOCKS = YES;
				GCC_OPTIMIZATION_LEVEL = 0;
				GCC_PREPROCESSOR_DEFINITIONS = (
					"DEBUG=1",
					"$(inherited)",
				);
				GCC_WARN_64_TO_32_BIT_CONVERSION = YES;
				GCC_WARN_ABOUT_RETURN_TYPE = YES_ERROR;
				GCC_WARN_UNDECLARED_SELECTOR = YES;
				GCC_WARN_UNINITIALIZED_AUTOS = YES_AGGRESSIVE;
				GCC_WARN_UNUSED_FUNCTION = YES;
				GCC_WARN_UNUSED_VARIABLE = YES;
				IPHONEOS_DEPLOYMENT_TARGET = 17.0;
				LOCALIZATION_PREFERS_STRING_CATALOGS = YES;
				MTL_ENABLE_DEBUG_INFO = INCLUDE_SOURCE;
				MTL_FAST_MATH = YES;
				ONLY_ACTIVE_ARCH = YES;
				SDKROOT = iphoneos;
				SWIFT_ACTIVE_COMPILATION_CONDITIONS = "DEBUG $(inherited)";
				SWIFT_OPTIMIZATION_LEVEL = "-Onone";
			};
			name = Debug;
		};
		63A1D0902B0E477E003CFE90 /* Release */ = {
			isa = XCBuildConfiguration;
			buildSettings = {
				ALWAYS_SEARCH_USER_PATHS = NO;
				ASSETCATALOG_COMPILER_GENERATE_SWIFT_ASSET_SYMBOL_EXTENSIONS = YES;
				CLANG_ANALYZER_NONNULL = YES;
				CLANG_ANALYZER_NUMBER_OBJECT_CONVERSION = YES_AGGRESSIVE;
				CLANG_CXX_LANGUAGE_STANDARD = "gnu++20";
				CLANG_ENABLE_MODULES = YES;
				CLANG_ENABLE_OBJC_ARC = YES;
				CLANG_ENABLE_OBJC_WEAK = YES;
				CLANG_WARN_BLOCK_CAPTURE_AUTORELEASING = YES;
				CLANG_WARN_BOOL_CONVERSION = YES;
				CLANG_WARN_COMMA = YES;
				CLANG_WARN_CONSTANT_CONVERSION = YES;
				CLANG_WARN_DEPRECATED_OBJC_IMPLEMENTATIONS = YES;
				CLANG_WARN_DIRECT_OBJC_ISA_USAGE = YES_ERROR;
				CLANG_WARN_DOCUMENTATION_COMMENTS = YES;
				CLANG_WARN_EMPTY_BODY = YES;
				CLANG_WARN_ENUM_CONVERSION = YES;
				CLANG_WARN_INFINITE_RECURSION = YES;
				CLANG_WARN_INT_CONVERSION = YES;
				CLANG_WARN_NON_LITERAL_NULL_CONVERSION = YES;
				CLANG_WARN_OBJC_IMPLICIT_RETAIN_SELF = YES;
				CLANG_WARN_OBJC_LITERAL_CONVERSION = YES;
				CLANG_WARN_OBJC_ROOT_CLASS = YES_ERROR;
				CLANG_WARN_QUOTED_INCLUDE_IN_FRAMEWORK_HEADER = YES;
				CLANG_WARN_RANGE_LOOP_ANALYSIS = YES;
				CLANG_WARN_STRICT_PROTOTYPES = YES;
				CLANG_WARN_SUSPICIOUS_MOVE = YES;
				CLANG_WARN_UNGUARDED_AVAILABILITY = YES_AGGRESSIVE;
				CLANG_WARN_UNREACHABLE_CODE = YES;
				CLANG_WARN__DUPLICATE_METHOD_MATCH = YES;
				COPY_PHASE_STRIP = NO;
				DEBUG_INFORMATION_FORMAT = "dwarf-with-dsym";
				ENABLE_NS_ASSERTIONS = NO;
				ENABLE_STRICT_OBJC_MSGSEND = YES;
				ENABLE_USER_SCRIPT_SANDBOXING = YES;
				GCC_C_LANGUAGE_STANDARD = gnu17;
				GCC_NO_COMMON_BLOCKS = YES;
				GCC_WARN_64_TO_32_BIT_CONVERSION = YES;
				GCC_WARN_ABOUT_RETURN_TYPE = YES_ERROR;
				GCC_WARN_UNDECLARED_SELECTOR = YES;
				GCC_WARN_UNINITIALIZED_AUTOS = YES_AGGRESSIVE;
				GCC_WARN_UNUSED_FUNCTION = YES;
				GCC_WARN_UNUSED_VARIABLE = YES;
				IPHONEOS_DEPLOYMENT_TARGET = 17.0;
				LOCALIZATION_PREFERS_STRING_CATALOGS = YES;
				MTL_ENABLE_DEBUG_INFO = NO;
				MTL_FAST_MATH = YES;
				SDKROOT = iphoneos;
				SWIFT_COMPILATION_MODE = wholemodule;
				VALIDATE_PRODUCT = YES;
			};
			name = Release;
		};
		63A1D0922B0E477E003CFE90 /* Debug */ = {
			isa = XCBuildConfiguration;
			buildSettings = {
				ASSETCATALOG_COMPILER_APPICON_NAME = AppIcon;
				ASSETCATALOG_COMPILER_GLOBAL_ACCENT_COLOR_NAME = AccentColor;
				CLANG_ENABLE_MODULES = YES;
				CODE_SIGN_STYLE = Automatic;
				CURRENT_PROJECT_VERSION = 1;
				GENERATE_INFOPLIST_FILE = YES;
				INFOPLIST_FILE = "Chapter06-HR/Info.plist";
				INFOPLIST_KEY_UIApplicationSupportsIndirectInputEvents = YES;
				INFOPLIST_KEY_UILaunchStoryboardName = LaunchScreen;
				INFOPLIST_KEY_UIMainStoryboardFile = Main;
				INFOPLIST_KEY_UISupportedInterfaceOrientations_iPad = "UIInterfaceOrientationPortrait UIInterfaceOrientationPortraitUpsideDown UIInterfaceOrientationLandscapeLeft UIInterfaceOrientationLandscapeRight";
				INFOPLIST_KEY_UISupportedInterfaceOrientations_iPhone = "UIInterfaceOrientationPortrait UIInterfaceOrientationLandscapeLeft UIInterfaceOrientationLandscapeRight";
				LD_RUNPATH_SEARCH_PATHS = (
					"$(inherited)",
					"@executable_path/Frameworks",
				);
				MARKETING_VERSION = 1.0;
				PRODUCT_BUNDLE_IDENTIFIER = "com.sunny.Chapter06-HR";
				PRODUCT_NAME = "$(TARGET_NAME)";
				SWIFT_EMIT_LOC_STRINGS = YES;
				SWIFT_OBJC_BRIDGING_HEADER = "fmdb/Chapter06-HR-Bridging-Header.h";
				SWIFT_OPTIMIZATION_LEVEL = "-Onone";
				SWIFT_VERSION = 5.0;
				TARGETED_DEVICE_FAMILY = "1,2";
			};
			name = Debug;
		};
		63A1D0932B0E477E003CFE90 /* Release */ = {
			isa = XCBuildConfiguration;
			buildSettings = {
				ASSETCATALOG_COMPILER_APPICON_NAME = AppIcon;
				ASSETCATALOG_COMPILER_GLOBAL_ACCENT_COLOR_NAME = AccentColor;
				CLANG_ENABLE_MODULES = YES;
				CODE_SIGN_STYLE = Automatic;
				CURRENT_PROJECT_VERSION = 1;
				GENERATE_INFOPLIST_FILE = YES;
				INFOPLIST_FILE = "Chapter06-HR/Info.plist";
				INFOPLIST_KEY_UIApplicationSupportsIndirectInputEvents = YES;
				INFOPLIST_KEY_UILaunchStoryboardName = LaunchScreen;
				INFOPLIST_KEY_UIMainStoryboardFile = Main;
				INFOPLIST_KEY_UISupportedInterfaceOrientations_iPad = "UIInterfaceOrientationPortrait UIInterfaceOrientationPortraitUpsideDown UIInterfaceOrientationLandscapeLeft UIInterfaceOrientationLandscapeRight";
				INFOPLIST_KEY_UISupportedInterfaceOrientations_iPhone = "UIInterfaceOrientationPortrait UIInterfaceOrientationLandscapeLeft UIInterfaceOrientationLandscapeRight";
				LD_RUNPATH_SEARCH_PATHS = (
					"$(inherited)",
					"@executable_path/Frameworks",
				);
				MARKETING_VERSION = 1.0;
				PRODUCT_BUNDLE_IDENTIFIER = "com.sunny.Chapter06-HR";
				PRODUCT_NAME = "$(TARGET_NAME)";
				SWIFT_EMIT_LOC_STRINGS = YES;
				SWIFT_OBJC_BRIDGING_HEADER = "fmdb/Chapter06-HR-Bridging-Header.h";
				SWIFT_VERSION = 5.0;
				TARGETED_DEVICE_FAMILY = "1,2";
			};
			name = Release;
		};
/* End XCBuildConfiguration section */

/* Begin XCConfigurationList section */
		63A1D0782B0E477D003CFE90 /* Build configuration list for PBXProject "Chapter06-HR" */ = {
			isa = XCConfigurationList;
			buildConfigurations = (
				63A1D08F2B0E477E003CFE90 /* Debug */,
				63A1D0902B0E477E003CFE90 /* Release */,
			);
			defaultConfigurationIsVisible = 0;
			defaultConfigurationName = Release;
		};
		63A1D0912B0E477E003CFE90 /* Build configuration list for PBXNativeTarget "Chapter06-HR" */ = {
			isa = XCConfigurationList;
			buildConfigurations = (
				63A1D0922B0E477E003CFE90 /* Debug */,
				63A1D0932B0E477E003CFE90 /* Release */,
			);
			defaultConfigurationIsVisible = 0;
			defaultConfigurationName = Release;
		};
/* End XCConfigurationList section */
	};
	rootObject = 63A1D0752B0E477D003CFE90 /* Project object */;
}
