// !$*UTF8*$!
{
	archiveVersion = 1;
	classes = {
	};
	objectVersion = 48;
	objects = {

/* Begin PBXBuildFile section */
		59D8BBF91EE960EF0086AE39 /* AppDelegate.swift in Sources */ = {isa = PBXBuildFile; fileRef = 59D8BBF81EE960EF0086AE39 /* AppDelegate.swift */; };
		59D8BBFB1EE960EF0086AE39 /* ViewController.swift in Sources */ = {isa = PBXBuildFile; fileRef = 59D8BBFA1EE960EF0086AE39 /* ViewController.swift */; };
		59D8BBFE1EE960EF0086AE39 /* Main.storyboard in Resources */ = {isa = PBXBuildFile; fileRef = 59D8BBFC1EE960EF0086AE39 /* Main.storyboard */; };
		59D8BC001EE960EF0086AE39 /* Assets.xcassets in Resources */ = {isa = PBXBuildFile; fileRef = 59D8BBFF1EE960EF0086AE39 /* Assets.xcassets */; };
		59D8BC031EE960EF0086AE39 /* LaunchScreen.storyboard in Resources */ = {isa = PBXBuildFile; fileRef = 59D8BC011EE960EF0086AE39 /* LaunchScreen.storyboard */; };
		59D8BC111EE961410086AE39 /* icon01.png in Resources */ = {isa = PBXBuildFile; fileRef = 59D8BC0B1EE961400086AE39 /* icon01.png */; };
		59D8BC121EE961410086AE39 /* icon02.png in Resources */ = {isa = PBXBuildFile; fileRef = 59D8BC0C1EE961410086AE39 /* icon02.png */; };
		59D8BC131EE961410086AE39 /* icon04.png in Resources */ = {isa = PBXBuildFile; fileRef = 59D8BC0D1EE961410086AE39 /* icon04.png */; };
		59D8BC141EE961410086AE39 /* icon03.png in Resources */ = {isa = PBXBuildFile; fileRef = 59D8BC0E1EE961410086AE39 /* icon03.png */; };
		59D8BC151EE961410086AE39 /* icon05.png in Resources */ = {isa = PBXBuildFile; fileRef = 59D8BC0F1EE961410086AE39 /* icon05.png */; };
		59D8BC161EE961410086AE39 /* sidemenu.png in Resources */ = {isa = PBXBuildFile; fileRef = 59D8BC101EE961410086AE39 /* sidemenu.png */; };
		59D8BC181EE96C1F0086AE39 /* RevealViewController.swift in Sources */ = {isa = PBXBuildFile; fileRef = 59D8BC171EE96C1F0086AE39 /* RevealViewController.swift */; };
		59D8BC1A1EE96C360086AE39 /* FrontViewController.swift in Sources */ = {isa = PBXBuildFile; fileRef = 59D8BC191EE96C360086AE39 /* FrontViewController.swift */; };
		59D8BC1C1EE96C460086AE39 /* SideBarViewController.swift in Sources */ = {isa = PBXBuildFile; fileRef = 59D8BC1B1EE96C460086AE39 /* SideBarViewController.swift */; };
/* End PBXBuildFile section */

/* Begin PBXFileReference section */
		59D8BBF51EE960EF0086AE39 /* Chapter04-SideBarDIY.app */ = {isa = PBXFileReference; explicitFileType = wrapper.application; includeInIndex = 0; path = "Chapter04-SideBarDIY.app"; sourceTree = BUILT_PRODUCTS_DIR; };
		59D8BBF81EE960EF0086AE39 /* AppDelegate.swift */ = {isa = PBXFileReference; lastKnownFileType = sourcecode.swift; path = AppDelegate.swift; sourceTree = "<group>"; };
		59D8BBFA1EE960EF0086AE39 /* ViewController.swift */ = {isa = PBXFileReference; lastKnownFileType = sourcecode.swift; path = ViewController.swift; sourceTree = "<group>"; };
		59D8BBFD1EE960EF0086AE39 /* Base */ = {isa = PBXFileReference; lastKnownFileType = file.storyboard; name = Base; path = Base.lproj/Main.storyboard; sourceTree = "<group>"; };
		59D8BBFF1EE960EF0086AE39 /* Assets.xcassets */ = {isa = PBXFileReference; lastKnownFileType = folder.assetcatalog; path = Assets.xcassets; sourceTree = "<group>"; };
		59D8BC021EE960EF0086AE39 /* Base */ = {isa = PBXFileReference; lastKnownFileType = file.storyboard; name = Base; path = Base.lproj/LaunchScreen.storyboard; sourceTree = "<group>"; };
		59D8BC041EE960EF0086AE39 /* Info.plist */ = {isa = PBXFileReference; lastKnownFileType = text.plist.xml; path = Info.plist; sourceTree = "<group>"; };
		59D8BC0B1EE961400086AE39 /* icon01.png */ = {isa = PBXFileReference; lastKnownFileType = image.png; path = icon01.png; sourceTree = "<group>"; };
		59D8BC0C1EE961410086AE39 /* icon02.png */ = {isa = PBXFileReference; lastKnownFileType = image.png; path = icon02.png; sourceTree = "<group>"; };
		59D8BC0D1EE961410086AE39 /* icon04.png */ = {isa = PBXFileReference; lastKnownFileType = image.png; path = icon04.png; sourceTree = "<group>"; };
		59D8BC0E1EE961410086AE39 /* icon03.png */ = {isa = PBXFileReference; lastKnownFileType = image.png; path = icon03.png; sourceTree = "<group>"; };
		59D8BC0F1EE961410086AE39 /* icon05.png */ = {isa = PBXFileReference; lastKnownFileType = image.png; path = icon05.png; sourceTree = "<group>"; };
		59D8BC101EE961410086AE39 /* sidemenu.png */ = {isa = PBXFileReference; lastKnownFileType = image.png; path = sidemenu.png; sourceTree = "<group>"; };
		59D8BC171EE96C1F0086AE39 /* RevealViewController.swift */ = {isa = PBXFileReference; lastKnownFileType = sourcecode.swift; path = RevealViewController.swift; sourceTree = "<group>"; };
		59D8BC191EE96C360086AE39 /* FrontViewController.swift */ = {isa = PBXFileReference; lastKnownFileType = sourcecode.swift; path = FrontViewController.swift; sourceTree = "<group>"; };
		59D8BC1B1EE96C460086AE39 /* SideBarViewController.swift */ = {isa = PBXFileReference; lastKnownFileType = sourcecode.swift; path = SideBarViewController.swift; sourceTree = "<group>"; };
/* End PBXFileReference section */

/* Begin PBXFrameworksBuildPhase section */
		59D8BBF21EE960EF0086AE39 /* Frameworks */ = {
			isa = PBXFrameworksBuildPhase;
			buildActionMask = 2147483647;
			files = (
			);
			runOnlyForDeploymentPostprocessing = 0;
		};
/* End PBXFrameworksBuildPhase section */

/* Begin PBXGroup section */
		59D8BBEC1EE960EF0086AE39 = {
			isa = PBXGroup;
			children = (
				59D8BC0A1EE9610E0086AE39 /* Resources */,
				59D8BBF71EE960EF0086AE39 /* Chapter04-SideBarDIY */,
				59D8BBF61EE960EF0086AE39 /* Products */,
			);
			sourceTree = "<group>";
		};
		59D8BBF61EE960EF0086AE39 /* Products */ = {
			isa = PBXGroup;
			children = (
				59D8BBF51EE960EF0086AE39 /* Chapter04-SideBarDIY.app */,
			);
			name = Products;
			sourceTree = "<group>";
		};
		59D8BBF71EE960EF0086AE39 /* Chapter04-SideBarDIY */ = {
			isa = PBXGroup;
			children = (
				59D8BC171EE96C1F0086AE39 /* RevealViewController.swift */,
				59D8BC191EE96C360086AE39 /* FrontViewController.swift */,
				59D8BC1B1EE96C460086AE39 /* SideBarViewController.swift */,
				59D8BBF81EE960EF0086AE39 /* AppDelegate.swift */,
				59D8BBFA1EE960EF0086AE39 /* ViewController.swift */,
				59D8BBFC1EE960EF0086AE39 /* Main.storyboard */,
				59D8BBFF1EE960EF0086AE39 /* Assets.xcassets */,
				59D8BC011EE960EF0086AE39 /* LaunchScreen.storyboard */,
				59D8BC041EE960EF0086AE39 /* Info.plist */,
			);
			path = "Chapter04-SideBarDIY";
			sourceTree = "<group>";
		};
		59D8BC0A1EE9610E0086AE39 /* Resources */ = {
			isa = PBXGroup;
			children = (
				59D8BC0B1EE961400086AE39 /* icon01.png */,
				59D8BC0C1EE961410086AE39 /* icon02.png */,
				59D8BC0E1EE961410086AE39 /* icon03.png */,
				59D8BC0D1EE961410086AE39 /* icon04.png */,
				59D8BC0F1EE961410086AE39 /* icon05.png */,
				59D8BC101EE961410086AE39 /* sidemenu.png */,
			);
			name = Resources;
			sourceTree = "<group>";
		};
/* End PBXGroup section */

/* Begin PBXNativeTarget section */
		59D8BBF41EE960EF0086AE39 /* Chapter04-SideBarDIY */ = {
			isa = PBXNativeTarget;
			buildConfigurationList = 59D8BC071EE960EF0086AE39 /* Build configuration list for PBXNativeTarget "Chapter04-SideBarDIY" */;
			buildPhases = (
				59D8BBF11EE960EF0086AE39 /* Sources */,
				59D8BBF21EE960EF0086AE39 /* Frameworks */,
				59D8BBF31EE960EF0086AE39 /* Resources */,
			);
			buildRules = (
			);
			dependencies = (
			);
			name = "Chapter04-SideBarDIY";
			productName = "Chapter04-SideBarDIY";
			productReference = 59D8BBF51EE960EF0086AE39 /* Chapter04-SideBarDIY.app */;
			productType = "com.apple.product-type.application";
		};
/* End PBXNativeTarget section */

/* Begin PBXProject section */
		59D8BBED1EE960EF0086AE39 /* Project object */ = {
			isa = PBXProject;
			attributes = {
				LastSwiftUpdateCheck = 0900;
				LastUpgradeCheck = 0900;
				ORGANIZATIONNAME = rubypaper;
				TargetAttributes = {
					59D8BBF41EE960EF0086AE39 = {
						CreatedOnToolsVersion = 9.0;
					};
				};
			};
			buildConfigurationList = 59D8BBF01EE960EF0086AE39 /* Build configuration list for PBXProject "Chapter04-SideBarDIY" */;
			compatibilityVersion = "Xcode 8.0";
			developmentRegion = en;
			hasScannedForEncodings = 0;
			knownRegions = (
				en,
				Base,
			);
			mainGroup = 59D8BBEC1EE960EF0086AE39;
			productRefGroup = 59D8BBF61EE960EF0086AE39 /* Products */;
			projectDirPath = "";
			projectRoot = "";
			targets = (
				59D8BBF41EE960EF0086AE39 /* Chapter04-SideBarDIY */,
			);
		};
/* End PBXProject section */

/* Begin PBXResourcesBuildPhase section */
		59D8BBF31EE960EF0086AE39 /* Resources */ = {
			isa = PBXResourcesBuildPhase;
			buildActionMask = 2147483647;
			files = (
				59D8BC031EE960EF0086AE39 /* LaunchScreen.storyboard in Resources */,
				59D8BC001EE960EF0086AE39 /* Assets.xcassets in Resources */,
				59D8BC141EE961410086AE39 /* icon03.png in Resources */,
				59D8BC161EE961410086AE39 /* sidemenu.png in Resources */,
				59D8BC151EE961410086AE39 /* icon05.png in Resources */,
				59D8BC131EE961410086AE39 /* icon04.png in Resources */,
				59D8BBFE1EE960EF0086AE39 /* Main.storyboard in Resources */,
				59D8BC111EE961410086AE39 /* icon01.png in Resources */,
				59D8BC121EE961410086AE39 /* icon02.png in Resources */,
			);
			runOnlyForDeploymentPostprocessing = 0;
		};
/* End PBXResourcesBuildPhase section */

/* Begin PBXSourcesBuildPhase section */
		59D8BBF11EE960EF0086AE39 /* Sources */ = {
			isa = PBXSourcesBuildPhase;
			buildActionMask = 2147483647;
			files = (
				59D8BC1A1EE96C360086AE39 /* FrontViewController.swift in Sources */,
				59D8BBFB1EE960EF0086AE39 /* ViewController.swift in Sources */,
				59D8BC1C1EE96C460086AE39 /* SideBarViewController.swift in Sources */,
				59D8BC181EE96C1F0086AE39 /* RevealViewController.swift in Sources */,
				59D8BBF91EE960EF0086AE39 /* AppDelegate.swift in Sources */,
			);
			runOnlyForDeploymentPostprocessing = 0;
		};
/* End PBXSourcesBuildPhase section */

/* Begin PBXVariantGroup section */
		59D8BBFC1EE960EF0086AE39 /* Main.storyboard */ = {
			isa = PBXVariantGroup;
			children = (
				59D8BBFD1EE960EF0086AE39 /* Base */,
			);
			name = Main.storyboard;
			sourceTree = "<group>";
		};
		59D8BC011EE960EF0086AE39 /* LaunchScreen.storyboard */ = {
			isa = PBXVariantGroup;
			children = (
				59D8BC021EE960EF0086AE39 /* Base */,
			);
			name = LaunchScreen.storyboard;
			sourceTree = "<group>";
		};
/* End PBXVariantGroup section */

/* Begin XCBuildConfiguration section */
		59D8BC051EE960EF0086AE39 /* Debug */ = {
			isa = XCBuildConfiguration;
			buildSettings = {
				ALWAYS_SEARCH_USER_PATHS = NO;
				CLANG_ANALYZER_NONNULL = YES;
				CLANG_ANALYZER_NUMBER_OBJECT_CONVERSION = YES_AGGRESSIVE;
				CLANG_CXX_LANGUAGE_STANDARD = "gnu++14";
				CLANG_CXX_LIBRARY = "libc++";
				CLANG_ENABLE_MODULES = YES;
				CLANG_ENABLE_OBJC_ARC = YES;
				CLANG_WARN_BLOCK_CAPTURE_AUTORELEASING = YES;
				CLANG_WARN_BOOL_CONVERSION = YES;
				CLANG_WARN_COMMA = YES;
				CLANG_WARN_CONSTANT_CONVERSION = YES;
				CLANG_WARN_DIRECT_OBJC_ISA_USAGE = YES_ERROR;
				CLANG_WARN_DOCUMENTATION_COMMENTS = YES;
				CLANG_WARN_EMPTY_BODY = YES;
				CLANG_WARN_ENUM_CONVERSION = YES;
				CLANG_WARN_INFINITE_RECURSION = YES;
				CLANG_WARN_INT_CONVERSION = YES;
				CLANG_WARN_OBJC_ROOT_CLASS = YES_ERROR;
				CLANG_WARN_RANGE_LOOP_ANALYSIS = YES;
				CLANG_WARN_STRICT_PROTOTYPES = YES;
				CLANG_WARN_SUSPICIOUS_MOVE = YES;
				CLANG_WARN_UNGUARDED_AVAILABILITY = YES_AGGRESSIVE;
				CLANG_WARN_UNREACHABLE_CODE = YES;
				CLANG_WARN__DUPLICATE_METHOD_MATCH = YES;
				CODE_SIGN_IDENTITY = "iPhone Developer";
				COPY_PHASE_STRIP = NO;
				DEBUG_INFORMATION_FORMAT = dwarf;
				ENABLE_STRICT_OBJC_MSGSEND = YES;
				ENABLE_TESTABILITY = YES;
				GCC_C_LANGUAGE_STANDARD = gnu11;
				GCC_DYNAMIC_NO_PIC = NO;
				GCC_NO_COMMON_BLOCKS = YES;
				GCC_OPTIMIZATION_LEVEL = 0;
				GCC_PREPROCESSOR_DEFINITIONS = (
					"DEBUG=1",
					"$(inherited)",
				);
				GCC_WARN_64_TO_32_BIT_CONVERSION = YES;
				GCC_WARN_ABOUT_RETURN_TYPE = YES_ERROR;
				GCC_WARN_UNDECLARED_SELECTOR = YES;
				GCC_WARN_UNINITIALIZED_AUTOS = YES_AGGRESSIVE;
				GCC_WARN_UNUSED_FUNCTION = YES;
				GCC_WARN_UNUSED_VARIABLE = YES;
				IPHONEOS_DEPLOYMENT_TARGET = 11.0;
				MTL_ENABLE_DEBUG_INFO = YES;
				ONLY_ACTIVE_ARCH = YES;
				SDKROOT = iphoneos;
				SWIFT_ACTIVE_COMPILATION_CONDITIONS = DEBUG;
				SWIFT_OPTIMIZATION_LEVEL = "-Onone";
			};
			name = Debug;
		};
		59D8BC061EE960EF0086AE39 /* Release */ = {
			isa = XCBuildConfiguration;
			buildSettings = {
				ALWAYS_SEARCH_USER_PATHS = NO;
				CLANG_ANALYZER_NONNULL = YES;
				CLANG_ANALYZER_NUMBER_OBJECT_CONVERSION = YES_AGGRESSIVE;
				CLANG_CXX_LANGUAGE_STANDARD = "gnu++14";
				CLANG_CXX_LIBRARY = "libc++";
				CLANG_ENABLE_MODULES = YES;
				CLANG_ENABLE_OBJC_ARC = YES;
				CLANG_WARN_BLOCK_CAPTURE_AUTORELEASING = YES;
				CLANG_WARN_BOOL_CONVERSION = YES;
				CLANG_WARN_COMMA = YES;
				CLANG_WARN_CONSTANT_CONVERSION = YES;
				CLANG_WARN_DIRECT_OBJC_ISA_USAGE = YES_ERROR;
				CLANG_WARN_DOCUMENTATION_COMMENTS = YES;
				CLANG_WARN_EMPTY_BODY = YES;
				CLANG_WARN_ENUM_CONVERSION = YES;
				CLANG_WARN_INFINITE_RECURSION = YES;
				CLANG_WARN_INT_CONVERSION = YES;
				CLANG_WARN_OBJC_ROOT_CLASS = YES_ERROR;
				CLANG_WARN_RANGE_LOOP_ANALYSIS = YES;
				CLANG_WARN_STRICT_PROTOTYPES = YES;
				CLANG_WARN_SUSPICIOUS_MOVE = YES;
				CLANG_WARN_UNGUARDED_AVAILABILITY = YES_AGGRESSIVE;
				CLANG_WARN_UNREACHABLE_CODE = YES;
				CLANG_WARN__DUPLICATE_METHOD_MATCH = YES;
				CODE_SIGN_IDENTITY = "iPhone Developer";
				COPY_PHASE_STRIP = NO;
				DEBUG_INFORMATION_FORMAT = "dwarf-with-dsym";
				ENABLE_NS_ASSERTIONS = NO;
				ENABLE_STRICT_OBJC_MSGSEND = YES;
				GCC_C_LANGUAGE_STANDARD = gnu11;
				GCC_NO_COMMON_BLOCKS = YES;
				GCC_WARN_64_TO_32_BIT_CONVERSION = YES;
				GCC_WARN_ABOUT_RETURN_TYPE = YES_ERROR;
				GCC_WARN_UNDECLARED_SELECTOR = YES;
				GCC_WARN_UNINITIALIZED_AUTOS = YES_AGGRESSIVE;
				GCC_WARN_UNUSED_FUNCTION = YES;
				GCC_WARN_UNUSED_VARIABLE = YES;
				IPHONEOS_DEPLOYMENT_TARGET = 11.0;
				MTL_ENABLE_DEBUG_INFO = NO;
				SDKROOT = iphoneos;
				SWIFT_OPTIMIZATION_LEVEL = "-Owholemodule";
				VALIDATE_PRODUCT = YES;
			};
			name = Release;
		};
		59D8BC081EE960EF0086AE39 /* Debug */ = {
			isa = XCBuildConfiguration;
			buildSettings = {
				ASSETCATALOG_COMPILER_APPICON_NAME = AppIcon;
				INFOPLIST_FILE = "Chapter04-SideBarDIY/Info.plist";
				LD_RUNPATH_SEARCH_PATHS = "$(inherited) @executable_path/Frameworks";
				PRODUCT_BUNDLE_IDENTIFIER = "kr.co.rubypaper.Chapter04-SideBarDIY";
				PRODUCT_NAME = "$(TARGET_NAME)";
				SWIFT_VERSION = 4.0;
				TARGETED_DEVICE_FAMILY = "1,2";
			};
			name = Debug;
		};
		59D8BC091EE960EF0086AE39 /* Release */ = {
			isa = XCBuildConfiguration;
			buildSettings = {
				ASSETCATALOG_COMPILER_APPICON_NAME = AppIcon;
				INFOPLIST_FILE = "Chapter04-SideBarDIY/Info.plist";
				LD_RUNPATH_SEARCH_PATHS = "$(inherited) @executable_path/Frameworks";
				PRODUCT_BUNDLE_IDENTIFIER = "kr.co.rubypaper.Chapter04-SideBarDIY";
				PRODUCT_NAME = "$(TARGET_NAME)";
				SWIFT_VERSION = 4.0;
				TARGETED_DEVICE_FAMILY = "1,2";
			};
			name = Release;
		};
/* End XCBuildConfiguration section */

/* Begin XCConfigurationList section */
		59D8BBF01EE960EF0086AE39 /* Build configuration list for PBXProject "Chapter04-SideBarDIY" */ = {
			isa = XCConfigurationList;
			buildConfigurations = (
				59D8BC051EE960EF0086AE39 /* Debug */,
				59D8BC061EE960EF0086AE39 /* Release */,
			);
			defaultConfigurationIsVisible = 0;
			defaultConfigurationName = Release;
		};
		59D8BC071EE960EF0086AE39 /* Build configuration list for PBXNativeTarget "Chapter04-SideBarDIY" */ = {
			isa = XCConfigurationList;
			buildConfigurations = (
				59D8BC081EE960EF0086AE39 /* Debug */,
				59D8BC091EE960EF0086AE39 /* Release */,
			);
			defaultConfigurationIsVisible = 0;
			defaultConfigurationName = Release;
		};
/* End XCConfigurationList section */
	};
	rootObject = 59D8BBED1EE960EF0086AE39 /* Project object */;
}
