// !$*UTF8*$!
{
	archiveVersion = 1;
	classes = {
	};
	objectVersion = 56;
	objects = {

/* Begin PBXBuildFile section */
		63B218AF2B0CBE9D00E296BB /* AppDelegate.swift in Sources */ = {isa = PBXBuildFile; fileRef = 63B218AE2B0CBE9D00E296BB /* AppDelegate.swift */; };
		63B218B12B0CBE9D00E296BB /* SceneDelegate.swift in Sources */ = {isa = PBXBuildFile; fileRef = 63B218B02B0CBE9D00E296BB /* SceneDelegate.swift */; };
		63B218B32B0CBE9D00E296BB /* ViewController.swift in Sources */ = {isa = PBXBuildFile; fileRef = 63B218B22B0CBE9D00E296BB /* ViewController.swift */; };
		63B218B62B0CBE9D00E296BB /* Main.storyboard in Resources */ = {isa = PBXBuildFile; fileRef = 63B218B42B0CBE9D00E296BB /* Main.storyboard */; };
		63B218B82B0CBE9E00E296BB /* Assets.xcassets in Resources */ = {isa = PBXBuildFile; fileRef = 63B218B72B0CBE9E00E296BB /* Assets.xcassets */; };
		63B218BB2B0CBE9E00E296BB /* LaunchScreen.storyboard in Resources */ = {isa = PBXBuildFile; fileRef = 63B218B92B0CBE9E00E296BB /* LaunchScreen.storyboard */; };
		63B218C72B0CC45A00E296BB /* libsqlite3.tbd in Frameworks */ = {isa = PBXBuildFile; fileRef = 63B218C62B0CC45A00E296BB /* libsqlite3.tbd */; };
		63B218CA2B0CD4C600E296BB /* db.sqlite in Resources */ = {isa = PBXBuildFile; fileRef = 63B218C92B0CD4C600E296BB /* db.sqlite */; };
/* End PBXBuildFile section */

/* Begin PBXFileReference section */
		63B218AB2B0CBE9D00E296BB /* Chapter06-SQLite.app */ = {isa = PBXFileReference; explicitFileType = wrapper.application; includeInIndex = 0; path = "Chapter06-SQLite.app"; sourceTree = BUILT_PRODUCTS_DIR; };
		63B218AE2B0CBE9D00E296BB /* AppDelegate.swift */ = {isa = PBXFileReference; lastKnownFileType = sourcecode.swift; path = AppDelegate.swift; sourceTree = "<group>"; };
		63B218B02B0CBE9D00E296BB /* SceneDelegate.swift */ = {isa = PBXFileReference; lastKnownFileType = sourcecode.swift; path = SceneDelegate.swift; sourceTree = "<group>"; };
		63B218B22B0CBE9D00E296BB /* ViewController.swift */ = {isa = PBXFileReference; lastKnownFileType = sourcecode.swift; path = ViewController.swift; sourceTree = "<group>"; };
		63B218B52B0CBE9D00E296BB /* Base */ = {isa = PBXFileReference; lastKnownFileType = file.storyboard; name = Base; path = Base.lproj/Main.storyboard; sourceTree = "<group>"; };
		63B218B72B0CBE9E00E296BB /* Assets.xcassets */ = {isa = PBXFileReference; lastKnownFileType = folder.assetcatalog; path = Assets.xcassets; sourceTree = "<group>"; };
		63B218BA2B0CBE9E00E296BB /* Base */ = {isa = PBXFileReference; lastKnownFileType = file.storyboard; name = Base; path = Base.lproj/LaunchScreen.storyboard; sourceTree = "<group>"; };
		63B218BC2B0CBE9E00E296BB /* Info.plist */ = {isa = PBXFileReference; lastKnownFileType = text.plist.xml; path = Info.plist; sourceTree = "<group>"; };
		63B218C62B0CC45A00E296BB /* libsqlite3.tbd */ = {isa = PBXFileReference; lastKnownFileType = "sourcecode.text-based-dylib-definition"; name = libsqlite3.tbd; path = usr/lib/libsqlite3.tbd; sourceTree = SDKROOT; };
		63B218C82B0CC52400E296BB /* Chapter06-SQLite-Bridging-Header.h */ = {isa = PBXFileReference; lastKnownFileType = sourcecode.c.h; path = "Chapter06-SQLite-Bridging-Header.h"; sourceTree = "<group>"; };
		63B218C92B0CD4C600E296BB /* db.sqlite */ = {isa = PBXFileReference; lastKnownFileType = file; path = db.sqlite; sourceTree = "<group>"; };
/* End PBXFileReference section */

/* Begin PBXFrameworksBuildPhase section */
		63B218A82B0CBE9D00E296BB /* Frameworks */ = {
			isa = PBXFrameworksBuildPhase;
			buildActionMask = 2147483647;
			files = (
				63B218C72B0CC45A00E296BB /* libsqlite3.tbd in Frameworks */,
			);
			runOnlyForDeploymentPostprocessing = 0;
		};
/* End PBXFrameworksBuildPhase section */

/* Begin PBXGroup section */
		63B218A22B0CBE9D00E296BB = {
			isa = PBXGroup;
			children = (
				63B218AD2B0CBE9D00E296BB /* Chapter06-SQLite */,
				63B218AC2B0CBE9D00E296BB /* Products */,
				63B218C52B0CC45A00E296BB /* Frameworks */,
			);
			sourceTree = "<group>";
		};
		63B218AC2B0CBE9D00E296BB /* Products */ = {
			isa = PBXGroup;
			children = (
				63B218AB2B0CBE9D00E296BB /* Chapter06-SQLite.app */,
			);
			name = Products;
			sourceTree = "<group>";
		};
		63B218AD2B0CBE9D00E296BB /* Chapter06-SQLite */ = {
			isa = PBXGroup;
			children = (
				63B218AE2B0CBE9D00E296BB /* AppDelegate.swift */,
				63B218B02B0CBE9D00E296BB /* SceneDelegate.swift */,
				63B218B22B0CBE9D00E296BB /* ViewController.swift */,
				63B218B42B0CBE9D00E296BB /* Main.storyboard */,
				63B218B72B0CBE9E00E296BB /* Assets.xcassets */,
				63B218B92B0CBE9E00E296BB /* LaunchScreen.storyboard */,
				63B218BC2B0CBE9E00E296BB /* Info.plist */,
				63B218C82B0CC52400E296BB /* Chapter06-SQLite-Bridging-Header.h */,
				63B218C92B0CD4C600E296BB /* db.sqlite */,
			);
			path = "Chapter06-SQLite";
			sourceTree = "<group>";
		};
		63B218C52B0CC45A00E296BB /* Frameworks */ = {
			isa = PBXGroup;
			children = (
				63B218C62B0CC45A00E296BB /* libsqlite3.tbd */,
			);
			name = Frameworks;
			sourceTree = "<group>";
		};
/* End PBXGroup section */

/* Begin PBXNativeTarget section */
		63B218AA2B0CBE9D00E296BB /* Chapter06-SQLite */ = {
			isa = PBXNativeTarget;
			buildConfigurationList = 63B218BF2B0CBE9E00E296BB /* Build configuration list for PBXNativeTarget "Chapter06-SQLite" */;
			buildPhases = (
				63B218A72B0CBE9D00E296BB /* Sources */,
				63B218A82B0CBE9D00E296BB /* Frameworks */,
				63B218A92B0CBE9D00E296BB /* Resources */,
			);
			buildRules = (
			);
			dependencies = (
			);
			name = "Chapter06-SQLite";
			packageProductDependencies = (
			);
			productName = "Chapter06-SQLite";
			productReference = 63B218AB2B0CBE9D00E296BB /* Chapter06-SQLite.app */;
			productType = "com.apple.product-type.application";
		};
/* End PBXNativeTarget section */

/* Begin PBXProject section */
		63B218A32B0CBE9D00E296BB /* Project object */ = {
			isa = PBXProject;
			attributes = {
				BuildIndependentTargetsInParallel = 1;
				LastSwiftUpdateCheck = 1500;
				LastUpgradeCheck = 1500;
				TargetAttributes = {
					63B218AA2B0CBE9D00E296BB = {
						CreatedOnToolsVersion = 15.0.1;
					};
				};
			};
			buildConfigurationList = 63B218A62B0CBE9D00E296BB /* Build configuration list for PBXProject "Chapter06-SQLite" */;
			compatibilityVersion = "Xcode 14.0";
			developmentRegion = en;
			hasScannedForEncodings = 0;
			knownRegions = (
				en,
				Base,
			);
			mainGroup = 63B218A22B0CBE9D00E296BB;
			packageReferences = (
			);
			productRefGroup = 63B218AC2B0CBE9D00E296BB /* Products */;
			projectDirPath = "";
			projectRoot = "";
			targets = (
				63B218AA2B0CBE9D00E296BB /* Chapter06-SQLite */,
			);
		};
/* End PBXProject section */

/* Begin PBXResourcesBuildPhase section */
		63B218A92B0CBE9D00E296BB /* Resources */ = {
			isa = PBXResourcesBuildPhase;
			buildActionMask = 2147483647;
			files = (
				63B218BB2B0CBE9E00E296BB /* LaunchScreen.storyboard in Resources */,
				63B218B82B0CBE9E00E296BB /* Assets.xcassets in Resources */,
				63B218B62B0CBE9D00E296BB /* Main.storyboard in Resources */,
				63B218CA2B0CD4C600E296BB /* db.sqlite in Resources */,
			);
			runOnlyForDeploymentPostprocessing = 0;
		};
/* End PBXResourcesBuildPhase section */

/* Begin PBXSourcesBuildPhase section */
		63B218A72B0CBE9D00E296BB /* Sources */ = {
			isa = PBXSourcesBuildPhase;
			buildActionMask = 2147483647;
			files = (
				63B218B32B0CBE9D00E296BB /* ViewController.swift in Sources */,
				63B218AF2B0CBE9D00E296BB /* AppDelegate.swift in Sources */,
				63B218B12B0CBE9D00E296BB /* SceneDelegate.swift in Sources */,
			);
			runOnlyForDeploymentPostprocessing = 0;
		};
/* End PBXSourcesBuildPhase section */

/* Begin PBXVariantGroup section */
		63B218B42B0CBE9D00E296BB /* Main.storyboard */ = {
			isa = PBXVariantGroup;
			children = (
				63B218B52B0CBE9D00E296BB /* Base */,
			);
			name = Main.storyboard;
			sourceTree = "<group>";
		};
		63B218B92B0CBE9E00E296BB /* LaunchScreen.storyboard */ = {
			isa = PBXVariantGroup;
			children = (
				63B218BA2B0CBE9E00E296BB /* Base */,
			);
			name = LaunchScreen.storyboard;
			sourceTree = "<group>";
		};
/* End PBXVariantGroup section */

/* Begin XCBuildConfiguration section */
		63B218BD2B0CBE9E00E296BB /* Debug */ = {
			isa = XCBuildConfiguration;
			buildSettings = {
				ALWAYS_SEARCH_USER_PATHS = NO;
				ASSETCATALOG_COMPILER_GENERATE_SWIFT_ASSET_SYMBOL_EXTENSIONS = YES;
				CLANG_ANALYZER_NONNULL = YES;
				CLANG_ANALYZER_NUMBER_OBJECT_CONVERSION = YES_AGGRESSIVE;
				CLANG_CXX_LANGUAGE_STANDARD = "gnu++20";
				CLANG_ENABLE_MODULES = YES;
				CLANG_ENABLE_OBJC_ARC = YES;
				CLANG_ENABLE_OBJC_WEAK = YES;
				CLANG_WARN_BLOCK_CAPTURE_AUTORELEASING = YES;
				CLANG_WARN_BOOL_CONVERSION = YES;
				CLANG_WARN_COMMA = YES;
				CLANG_WARN_CONSTANT_CONVERSION = YES;
				CLANG_WARN_DEPRECATED_OBJC_IMPLEMENTATIONS = YES;
				CLANG_WARN_DIRECT_OBJC_ISA_USAGE = YES_ERROR;
				CLANG_WARN_DOCUMENTATION_COMMENTS = YES;
				CLANG_WARN_EMPTY_BODY = YES;
				CLANG_WARN_ENUM_CONVERSION = YES;
				CLANG_WARN_INFINITE_RECURSION = YES;
				CLANG_WARN_INT_CONVERSION = YES;
				CLANG_WARN_NON_LITERAL_NULL_CONVERSION = YES;
				CLANG_WARN_OBJC_IMPLICIT_RETAIN_SELF = YES;
				CLANG_WARN_OBJC_LITERAL_CONVERSION = YES;
				CLANG_WARN_OBJC_ROOT_CLASS = YES_ERROR;
				CLANG_WARN_QUOTED_INCLUDE_IN_FRAMEWORK_HEADER = YES;
				CLANG_WARN_RANGE_LOOP_ANALYSIS = YES;
				CLANG_WARN_STRICT_PROTOTYPES = YES;
				CLANG_WARN_SUSPICIOUS_MOVE = YES;
				CLANG_WARN_UNGUARDED_AVAILABILITY = YES_AGGRESSIVE;
				CLANG_WARN_UNREACHABLE_CODE = YES;
				CLANG_WARN__DUPLICATE_METHOD_MATCH = YES;
				COPY_PHASE_STRIP = NO;
				DEBUG_INFORMATION_FORMAT = dwarf;
				ENABLE_STRICT_OBJC_MSGSEND = YES;
				ENABLE_TESTABILITY = YES;
				ENABLE_USER_SCRIPT_SANDBOXING = YES;
				GCC_C_LANGUAGE_STANDARD = gnu17;
				GCC_DYNAMIC_NO_PIC = NO;
				GCC_NO_COMMON_BLOCKS = YES;
				GCC_OPTIMIZATION_LEVEL = 0;
				GCC_PREPROCESSOR_DEFINITIONS = (
					"DEBUG=1",
					"$(inherited)",
				);
				GCC_WARN_64_TO_32_BIT_CONVERSION = YES;
				GCC_WARN_ABOUT_RETURN_TYPE = YES_ERROR;
				GCC_WARN_UNDECLARED_SELECTOR = YES;
				GCC_WARN_UNINITIALIZED_AUTOS = YES_AGGRESSIVE;
				GCC_WARN_UNUSED_FUNCTION = YES;
				GCC_WARN_UNUSED_VARIABLE = YES;
				IPHONEOS_DEPLOYMENT_TARGET = 17.0;
				LOCALIZATION_PREFERS_STRING_CATALOGS = YES;
				MTL_ENABLE_DEBUG_INFO = INCLUDE_SOURCE;
				MTL_FAST_MATH = YES;
				ONLY_ACTIVE_ARCH = YES;
				SDKROOT = iphoneos;
				SWIFT_ACTIVE_COMPILATION_CONDITIONS = "DEBUG $(inherited)";
				SWIFT_OPTIMIZATION_LEVEL = "-Onone";
			};
			name = Debug;
		};
		63B218BE2B0CBE9E00E296BB /* Release */ = {
			isa = XCBuildConfiguration;
			buildSettings = {
				ALWAYS_SEARCH_USER_PATHS = NO;
				ASSETCATALOG_COMPILER_GENERATE_SWIFT_ASSET_SYMBOL_EXTENSIONS = YES;
				CLANG_ANALYZER_NONNULL = YES;
				CLANG_ANALYZER_NUMBER_OBJECT_CONVERSION = YES_AGGRESSIVE;
				CLANG_CXX_LANGUAGE_STANDARD = "gnu++20";
				CLANG_ENABLE_MODULES = YES;
				CLANG_ENABLE_OBJC_ARC = YES;
				CLANG_ENABLE_OBJC_WEAK = YES;
				CLANG_WARN_BLOCK_CAPTURE_AUTORELEASING = YES;
				CLANG_WARN_BOOL_CONVERSION = YES;
				CLANG_WARN_COMMA = YES;
				CLANG_WARN_CONSTANT_CONVERSION = YES;
				CLANG_WARN_DEPRECATED_OBJC_IMPLEMENTATIONS = YES;
				CLANG_WARN_DIRECT_OBJC_ISA_USAGE = YES_ERROR;
				CLANG_WARN_DOCUMENTATION_COMMENTS = YES;
				CLANG_WARN_EMPTY_BODY = YES;
				CLANG_WARN_ENUM_CONVERSION = YES;
				CLANG_WARN_INFINITE_RECURSION = YES;
				CLANG_WARN_INT_CONVERSION = YES;
				CLANG_WARN_NON_LITERAL_NULL_CONVERSION = YES;
				CLANG_WARN_OBJC_IMPLICIT_RETAIN_SELF = YES;
				CLANG_WARN_OBJC_LITERAL_CONVERSION = YES;
				CLANG_WARN_OBJC_ROOT_CLASS = YES_ERROR;
				CLANG_WARN_QUOTED_INCLUDE_IN_FRAMEWORK_HEADER = YES;
				CLANG_WARN_RANGE_LOOP_ANALYSIS = YES;
				CLANG_WARN_STRICT_PROTOTYPES = YES;
				CLANG_WARN_SUSPICIOUS_MOVE = YES;
				CLANG_WARN_UNGUARDED_AVAILABILITY = YES_AGGRESSIVE;
				CLANG_WARN_UNREACHABLE_CODE = YES;
				CLANG_WARN__DUPLICATE_METHOD_MATCH = YES;
				COPY_PHASE_STRIP = NO;
				DEBUG_INFORMATION_FORMAT = "dwarf-with-dsym";
				ENABLE_NS_ASSERTIONS = NO;
				ENABLE_STRICT_OBJC_MSGSEND = YES;
				ENABLE_USER_SCRIPT_SANDBOXING = YES;
				GCC_C_LANGUAGE_STANDARD = gnu17;
				GCC_NO_COMMON_BLOCKS = YES;
				GCC_WARN_64_TO_32_BIT_CONVERSION = YES;
				GCC_WARN_ABOUT_RETURN_TYPE = YES_ERROR;
				GCC_WARN_UNDECLARED_SELECTOR = YES;
				GCC_WARN_UNINITIALIZED_AUTOS = YES_AGGRESSIVE;
				GCC_WARN_UNUSED_FUNCTION = YES;
				GCC_WARN_UNUSED_VARIABLE = YES;
				IPHONEOS_DEPLOYMENT_TARGET = 17.0;
				LOCALIZATION_PREFERS_STRING_CATALOGS = YES;
				MTL_ENABLE_DEBUG_INFO = NO;
				MTL_FAST_MATH = YES;
				SDKROOT = iphoneos;
				SWIFT_COMPILATION_MODE = wholemodule;
				VALIDATE_PRODUCT = YES;
			};
			name = Release;
		};
		63B218C02B0CBE9E00E296BB /* Debug */ = {
			isa = XCBuildConfiguration;
			buildSettings = {
				ASSETCATALOG_COMPILER_APPICON_NAME = AppIcon;
				ASSETCATALOG_COMPILER_GLOBAL_ACCENT_COLOR_NAME = AccentColor;
				CODE_SIGN_STYLE = Automatic;
				CURRENT_PROJECT_VERSION = 1;
				GENERATE_INFOPLIST_FILE = YES;
				INFOPLIST_FILE = "Chapter06-SQLite/Info.plist";
				INFOPLIST_KEY_UIApplicationSupportsIndirectInputEvents = YES;
				INFOPLIST_KEY_UILaunchStoryboardName = LaunchScreen;
				INFOPLIST_KEY_UIMainStoryboardFile = Main;
				INFOPLIST_KEY_UISupportedInterfaceOrientations_iPad = "UIInterfaceOrientationPortrait UIInterfaceOrientationPortraitUpsideDown UIInterfaceOrientationLandscapeLeft UIInterfaceOrientationLandscapeRight";
				INFOPLIST_KEY_UISupportedInterfaceOrientations_iPhone = "UIInterfaceOrientationPortrait UIInterfaceOrientationLandscapeLeft UIInterfaceOrientationLandscapeRight";
				LD_RUNPATH_SEARCH_PATHS = (
					"$(inherited)",
					"@executable_path/Frameworks",
				);
				MARKETING_VERSION = 1.0;
				PRODUCT_BUNDLE_IDENTIFIER = "com.sunny.Chapter06-SQLite";
				PRODUCT_NAME = "$(TARGET_NAME)";
				SWIFT_EMIT_LOC_STRINGS = YES;
				SWIFT_OBJC_BRIDGING_HEADER = "Chapter06-SQLite/Chapter06-SQLite-Bridging-Header.h";
				SWIFT_VERSION = 5.0;
				TARGETED_DEVICE_FAMILY = "1,2";
			};
			name = Debug;
		};
		63B218C12B0CBE9E00E296BB /* Release */ = {
			isa = XCBuildConfiguration;
			buildSettings = {
				ASSETCATALOG_COMPILER_APPICON_NAME = AppIcon;
				ASSETCATALOG_COMPILER_GLOBAL_ACCENT_COLOR_NAME = AccentColor;
				CODE_SIGN_STYLE = Automatic;
				CURRENT_PROJECT_VERSION = 1;
				GENERATE_INFOPLIST_FILE = YES;
				INFOPLIST_FILE = "Chapter06-SQLite/Info.plist";
				INFOPLIST_KEY_UIApplicationSupportsIndirectInputEvents = YES;
				INFOPLIST_KEY_UILaunchStoryboardName = LaunchScreen;
				INFOPLIST_KEY_UIMainStoryboardFile = Main;
				INFOPLIST_KEY_UISupportedInterfaceOrientations_iPad = "UIInterfaceOrientationPortrait UIInterfaceOrientationPortraitUpsideDown UIInterfaceOrientationLandscapeLeft UIInterfaceOrientationLandscapeRight";
				INFOPLIST_KEY_UISupportedInterfaceOrientations_iPhone = "UIInterfaceOrientationPortrait UIInterfaceOrientationLandscapeLeft UIInterfaceOrientationLandscapeRight";
				LD_RUNPATH_SEARCH_PATHS = (
					"$(inherited)",
					"@executable_path/Frameworks",
				);
				MARKETING_VERSION = 1.0;
				PRODUCT_BUNDLE_IDENTIFIER = "com.sunny.Chapter06-SQLite";
				PRODUCT_NAME = "$(TARGET_NAME)";
				SWIFT_EMIT_LOC_STRINGS = YES;
				SWIFT_OBJC_BRIDGING_HEADER = "Chapter06-SQLite/Chapter06-SQLite-Bridging-Header.h";
				SWIFT_VERSION = 5.0;
				TARGETED_DEVICE_FAMILY = "1,2";
			};
			name = Release;
		};
/* End XCBuildConfiguration section */

/* Begin XCConfigurationList section */
		63B218A62B0CBE9D00E296BB /* Build configuration list for PBXProject "Chapter06-SQLite" */ = {
			isa = XCConfigurationList;
			buildConfigurations = (
				63B218BD2B0CBE9E00E296BB /* Debug */,
				63B218BE2B0CBE9E00E296BB /* Release */,
			);
			defaultConfigurationIsVisible = 0;
			defaultConfigurationName = Release;
		};
		63B218BF2B0CBE9E00E296BB /* Build configuration list for PBXNativeTarget "Chapter06-SQLite" */ = {
			isa = XCConfigurationList;
			buildConfigurations = (
				63B218C02B0CBE9E00E296BB /* Debug */,
				63B218C12B0CBE9E00E296BB /* Release */,
			);
			defaultConfigurationIsVisible = 0;
			defaultConfigurationName = Release;
		};
/* End XCConfigurationList section */
	};
	rootObject = 63B218A32B0CBE9D00E296BB /* Project object */;
}
