// !$*UTF8*$!
{
	archiveVersion = 1;
	classes = {
	};
	objectVersion = 56;
	objects = {

/* Begin PBXBuildFile section */
		63C17B242B0337B10051B486 /* AppDelegate.swift in Sources */ = {isa = PBXBuildFile; fileRef = 63C17B232B0337B10051B486 /* AppDelegate.swift */; };
		63C17B262B0337B10051B486 /* SceneDelegate.swift in Sources */ = {isa = PBXBuildFile; fileRef = 63C17B252B0337B10051B486 /* SceneDelegate.swift */; };
		63C17B282B0337B10051B486 /* ViewController.swift in Sources */ = {isa = PBXBuildFile; fileRef = 63C17B272B0337B10051B486 /* ViewController.swift */; };
		63C17B2B2B0337B10051B486 /* Main.storyboard in Resources */ = {isa = PBXBuildFile; fileRef = 63C17B292B0337B10051B486 /* Main.storyboard */; };
		63C17B2D2B0337B20051B486 /* Assets.xcassets in Resources */ = {isa = PBXBuildFile; fileRef = 63C17B2C2B0337B20051B486 /* Assets.xcassets */; };
		63C17B302B0337B20051B486 /* LaunchScreen.storyboard in Resources */ = {isa = PBXBuildFile; fileRef = 63C17B2E2B0337B20051B486 /* LaunchScreen.storyboard */; };
		63C17B3E2B0337D50051B486 /* icon04.png in Resources */ = {isa = PBXBuildFile; fileRef = 63C17B382B0337D50051B486 /* icon04.png */; };
		63C17B3F2B0337D50051B486 /* icon05.png in Resources */ = {isa = PBXBuildFile; fileRef = 63C17B392B0337D50051B486 /* icon05.png */; };
		63C17B402B0337D50051B486 /* sidemenu.png in Resources */ = {isa = PBXBuildFile; fileRef = 63C17B3A2B0337D50051B486 /* sidemenu.png */; };
		63C17B412B0337D50051B486 /* icon01.png in Resources */ = {isa = PBXBuildFile; fileRef = 63C17B3B2B0337D50051B486 /* icon01.png */; };
		63C17B422B0337D50051B486 /* icon02.png in Resources */ = {isa = PBXBuildFile; fileRef = 63C17B3C2B0337D50051B486 /* icon02.png */; };
		63C17B432B0337D50051B486 /* icon03.png in Resources */ = {isa = PBXBuildFile; fileRef = 63C17B3D2B0337D50051B486 /* icon03.png */; };
		63C17B452B0337F40051B486 /* RevealViewController.swift in Sources */ = {isa = PBXBuildFile; fileRef = 63C17B442B0337F40051B486 /* RevealViewController.swift */; };
		63C17B472B0338170051B486 /* FrontViewController.swift in Sources */ = {isa = PBXBuildFile; fileRef = 63C17B462B0338170051B486 /* FrontViewController.swift */; };
		63C17B492B0338330051B486 /* SideBarViewController.swift in Sources */ = {isa = PBXBuildFile; fileRef = 63C17B482B0338330051B486 /* SideBarViewController.swift */; };
/* End PBXBuildFile section */

/* Begin PBXFileReference section */
		63C17B202B0337B10051B486 /* Chapter04-SideBarDIY.app */ = {isa = PBXFileReference; explicitFileType = wrapper.application; includeInIndex = 0; path = "Chapter04-SideBarDIY.app"; sourceTree = BUILT_PRODUCTS_DIR; };
		63C17B232B0337B10051B486 /* AppDelegate.swift */ = {isa = PBXFileReference; lastKnownFileType = sourcecode.swift; path = AppDelegate.swift; sourceTree = "<group>"; };
		63C17B252B0337B10051B486 /* SceneDelegate.swift */ = {isa = PBXFileReference; lastKnownFileType = sourcecode.swift; path = SceneDelegate.swift; sourceTree = "<group>"; };
		63C17B272B0337B10051B486 /* ViewController.swift */ = {isa = PBXFileReference; lastKnownFileType = sourcecode.swift; path = ViewController.swift; sourceTree = "<group>"; };
		63C17B2A2B0337B10051B486 /* Base */ = {isa = PBXFileReference; lastKnownFileType = file.storyboard; name = Base; path = Base.lproj/Main.storyboard; sourceTree = "<group>"; };
		63C17B2C2B0337B20051B486 /* Assets.xcassets */ = {isa = PBXFileReference; lastKnownFileType = folder.assetcatalog; path = Assets.xcassets; sourceTree = "<group>"; };
		63C17B2F2B0337B20051B486 /* Base */ = {isa = PBXFileReference; lastKnownFileType = file.storyboard; name = Base; path = Base.lproj/LaunchScreen.storyboard; sourceTree = "<group>"; };
		63C17B312B0337B20051B486 /* Info.plist */ = {isa = PBXFileReference; lastKnownFileType = text.plist.xml; path = Info.plist; sourceTree = "<group>"; };
		63C17B382B0337D50051B486 /* icon04.png */ = {isa = PBXFileReference; lastKnownFileType = image.png; path = icon04.png; sourceTree = SOURCE_ROOT; };
		63C17B392B0337D50051B486 /* icon05.png */ = {isa = PBXFileReference; lastKnownFileType = image.png; path = icon05.png; sourceTree = SOURCE_ROOT; };
		63C17B3A2B0337D50051B486 /* sidemenu.png */ = {isa = PBXFileReference; lastKnownFileType = image.png; path = sidemenu.png; sourceTree = SOURCE_ROOT; };
		63C17B3B2B0337D50051B486 /* icon01.png */ = {isa = PBXFileReference; lastKnownFileType = image.png; path = icon01.png; sourceTree = SOURCE_ROOT; };
		63C17B3C2B0337D50051B486 /* icon02.png */ = {isa = PBXFileReference; lastKnownFileType = image.png; path = icon02.png; sourceTree = SOURCE_ROOT; };
		63C17B3D2B0337D50051B486 /* icon03.png */ = {isa = PBXFileReference; lastKnownFileType = image.png; path = icon03.png; sourceTree = SOURCE_ROOT; };
		63C17B442B0337F40051B486 /* RevealViewController.swift */ = {isa = PBXFileReference; lastKnownFileType = sourcecode.swift; path = RevealViewController.swift; sourceTree = "<group>"; };
		63C17B462B0338170051B486 /* FrontViewController.swift */ = {isa = PBXFileReference; lastKnownFileType = sourcecode.swift; path = FrontViewController.swift; sourceTree = "<group>"; };
		63C17B482B0338330051B486 /* SideBarViewController.swift */ = {isa = PBXFileReference; lastKnownFileType = sourcecode.swift; path = SideBarViewController.swift; sourceTree = "<group>"; };
/* End PBXFileReference section */

/* Begin PBXFrameworksBuildPhase section */
		63C17B1D2B0337B10051B486 /* Frameworks */ = {
			isa = PBXFrameworksBuildPhase;
			buildActionMask = 2147483647;
			files = (
			);
			runOnlyForDeploymentPostprocessing = 0;
		};
/* End PBXFrameworksBuildPhase section */

/* Begin PBXGroup section */
		63C17B172B0337B10051B486 = {
			isa = PBXGroup;
			children = (
				63C17B372B0337BA0051B486 /* Resources */,
				63C17B222B0337B10051B486 /* Chapter04-SideBarDIY */,
				63C17B212B0337B10051B486 /* Products */,
			);
			sourceTree = "<group>";
		};
		63C17B212B0337B10051B486 /* Products */ = {
			isa = PBXGroup;
			children = (
				63C17B202B0337B10051B486 /* Chapter04-SideBarDIY.app */,
			);
			name = Products;
			sourceTree = "<group>";
		};
		63C17B222B0337B10051B486 /* Chapter04-SideBarDIY */ = {
			isa = PBXGroup;
			children = (
				63C17B232B0337B10051B486 /* AppDelegate.swift */,
				63C17B252B0337B10051B486 /* SceneDelegate.swift */,
				63C17B272B0337B10051B486 /* ViewController.swift */,
				63C17B442B0337F40051B486 /* RevealViewController.swift */,
				63C17B462B0338170051B486 /* FrontViewController.swift */,
				63C17B482B0338330051B486 /* SideBarViewController.swift */,
				63C17B292B0337B10051B486 /* Main.storyboard */,
				63C17B2C2B0337B20051B486 /* Assets.xcassets */,
				63C17B2E2B0337B20051B486 /* LaunchScreen.storyboard */,
				63C17B312B0337B20051B486 /* Info.plist */,
			);
			path = "Chapter04-SideBarDIY";
			sourceTree = "<group>";
		};
		63C17B372B0337BA0051B486 /* Resources */ = {
			isa = PBXGroup;
			children = (
				63C17B3B2B0337D50051B486 /* icon01.png */,
				63C17B3C2B0337D50051B486 /* icon02.png */,
				63C17B3D2B0337D50051B486 /* icon03.png */,
				63C17B382B0337D50051B486 /* icon04.png */,
				63C17B392B0337D50051B486 /* icon05.png */,
				63C17B3A2B0337D50051B486 /* sidemenu.png */,
			);
			path = Resources;
			sourceTree = "<group>";
		};
/* End PBXGroup section */

/* Begin PBXNativeTarget section */
		63C17B1F2B0337B10051B486 /* Chapter04-SideBarDIY */ = {
			isa = PBXNativeTarget;
			buildConfigurationList = 63C17B342B0337B20051B486 /* Build configuration list for PBXNativeTarget "Chapter04-SideBarDIY" */;
			buildPhases = (
				63C17B1C2B0337B10051B486 /* Sources */,
				63C17B1D2B0337B10051B486 /* Frameworks */,
				63C17B1E2B0337B10051B486 /* Resources */,
			);
			buildRules = (
			);
			dependencies = (
			);
			name = "Chapter04-SideBarDIY";
			productName = "Chapter04-SideBarDIY";
			productReference = 63C17B202B0337B10051B486 /* Chapter04-SideBarDIY.app */;
			productType = "com.apple.product-type.application";
		};
/* End PBXNativeTarget section */

/* Begin PBXProject section */
		63C17B182B0337B10051B486 /* Project object */ = {
			isa = PBXProject;
			attributes = {
				BuildIndependentTargetsInParallel = 1;
				LastSwiftUpdateCheck = 1500;
				LastUpgradeCheck = 1500;
				TargetAttributes = {
					63C17B1F2B0337B10051B486 = {
						CreatedOnToolsVersion = 15.0.1;
					};
				};
			};
			buildConfigurationList = 63C17B1B2B0337B10051B486 /* Build configuration list for PBXProject "Chapter04-SideBarDIY" */;
			compatibilityVersion = "Xcode 14.0";
			developmentRegion = en;
			hasScannedForEncodings = 0;
			knownRegions = (
				en,
				Base,
			);
			mainGroup = 63C17B172B0337B10051B486;
			productRefGroup = 63C17B212B0337B10051B486 /* Products */;
			projectDirPath = "";
			projectRoot = "";
			targets = (
				63C17B1F2B0337B10051B486 /* Chapter04-SideBarDIY */,
			);
		};
/* End PBXProject section */

/* Begin PBXResourcesBuildPhase section */
		63C17B1E2B0337B10051B486 /* Resources */ = {
			isa = PBXResourcesBuildPhase;
			buildActionMask = 2147483647;
			files = (
				63C17B432B0337D50051B486 /* icon03.png in Resources */,
				63C17B422B0337D50051B486 /* icon02.png in Resources */,
				63C17B302B0337B20051B486 /* LaunchScreen.storyboard in Resources */,
				63C17B2D2B0337B20051B486 /* Assets.xcassets in Resources */,
				63C17B3E2B0337D50051B486 /* icon04.png in Resources */,
				63C17B402B0337D50051B486 /* sidemenu.png in Resources */,
				63C17B412B0337D50051B486 /* icon01.png in Resources */,
				63C17B2B2B0337B10051B486 /* Main.storyboard in Resources */,
				63C17B3F2B0337D50051B486 /* icon05.png in Resources */,
			);
			runOnlyForDeploymentPostprocessing = 0;
		};
/* End PBXResourcesBuildPhase section */

/* Begin PBXSourcesBuildPhase section */
		63C17B1C2B0337B10051B486 /* Sources */ = {
			isa = PBXSourcesBuildPhase;
			buildActionMask = 2147483647;
			files = (
				63C17B282B0337B10051B486 /* ViewController.swift in Sources */,
				63C17B492B0338330051B486 /* SideBarViewController.swift in Sources */,
				63C17B242B0337B10051B486 /* AppDelegate.swift in Sources */,
				63C17B472B0338170051B486 /* FrontViewController.swift in Sources */,
				63C17B262B0337B10051B486 /* SceneDelegate.swift in Sources */,
				63C17B452B0337F40051B486 /* RevealViewController.swift in Sources */,
			);
			runOnlyForDeploymentPostprocessing = 0;
		};
/* End PBXSourcesBuildPhase section */

/* Begin PBXVariantGroup section */
		63C17B292B0337B10051B486 /* Main.storyboard */ = {
			isa = PBXVariantGroup;
			children = (
				63C17B2A2B0337B10051B486 /* Base */,
			);
			name = Main.storyboard;
			sourceTree = "<group>";
		};
		63C17B2E2B0337B20051B486 /* LaunchScreen.storyboard */ = {
			isa = PBXVariantGroup;
			children = (
				63C17B2F2B0337B20051B486 /* Base */,
			);
			name = LaunchScreen.storyboard;
			sourceTree = "<group>";
		};
/* End PBXVariantGroup section */

/* Begin XCBuildConfiguration section */
		63C17B322B0337B20051B486 /* Debug */ = {
			isa = XCBuildConfiguration;
			buildSettings = {
				ALWAYS_SEARCH_USER_PATHS = NO;
				ASSETCATALOG_COMPILER_GENERATE_SWIFT_ASSET_SYMBOL_EXTENSIONS = YES;
				CLANG_ANALYZER_NONNULL = YES;
				CLANG_ANALYZER_NUMBER_OBJECT_CONVERSION = YES_AGGRESSIVE;
				CLANG_CXX_LANGUAGE_STANDARD = "gnu++20";
				CLANG_ENABLE_MODULES = YES;
				CLANG_ENABLE_OBJC_ARC = YES;
				CLANG_ENABLE_OBJC_WEAK = YES;
				CLANG_WARN_BLOCK_CAPTURE_AUTORELEASING = YES;
				CLANG_WARN_BOOL_CONVERSION = YES;
				CLANG_WARN_COMMA = YES;
				CLANG_WARN_CONSTANT_CONVERSION = YES;
				CLANG_WARN_DEPRECATED_OBJC_IMPLEMENTATIONS = YES;
				CLANG_WARN_DIRECT_OBJC_ISA_USAGE = YES_ERROR;
				CLANG_WARN_DOCUMENTATION_COMMENTS = YES;
				CLANG_WARN_EMPTY_BODY = YES;
				CLANG_WARN_ENUM_CONVERSION = YES;
				CLANG_WARN_INFINITE_RECURSION = YES;
				CLANG_WARN_INT_CONVERSION = YES;
				CLANG_WARN_NON_LITERAL_NULL_CONVERSION = YES;
				CLANG_WARN_OBJC_IMPLICIT_RETAIN_SELF = YES;
				CLANG_WARN_OBJC_LITERAL_CONVERSION = YES;
				CLANG_WARN_OBJC_ROOT_CLASS = YES_ERROR;
				CLANG_WARN_QUOTED_INCLUDE_IN_FRAMEWORK_HEADER = YES;
				CLANG_WARN_RANGE_LOOP_ANALYSIS = YES;
				CLANG_WARN_STRICT_PROTOTYPES = YES;
				CLANG_WARN_SUSPICIOUS_MOVE = YES;
				CLANG_WARN_UNGUARDED_AVAILABILITY = YES_AGGRESSIVE;
				CLANG_WARN_UNREACHABLE_CODE = YES;
				CLANG_WARN__DUPLICATE_METHOD_MATCH = YES;
				COPY_PHASE_STRIP = NO;
				DEBUG_INFORMATION_FORMAT = dwarf;
				ENABLE_STRICT_OBJC_MSGSEND = YES;
				ENABLE_TESTABILITY = YES;
				ENABLE_USER_SCRIPT_SANDBOXING = YES;
				GCC_C_LANGUAGE_STANDARD = gnu17;
				GCC_DYNAMIC_NO_PIC = NO;
				GCC_NO_COMMON_BLOCKS = YES;
				GCC_OPTIMIZATION_LEVEL = 0;
				GCC_PREPROCESSOR_DEFINITIONS = (
					"DEBUG=1",
					"$(inherited)",
				);
				GCC_WARN_64_TO_32_BIT_CONVERSION = YES;
				GCC_WARN_ABOUT_RETURN_TYPE = YES_ERROR;
				GCC_WARN_UNDECLARED_SELECTOR = YES;
				GCC_WARN_UNINITIALIZED_AUTOS = YES_AGGRESSIVE;
				GCC_WARN_UNUSED_FUNCTION = YES;
				GCC_WARN_UNUSED_VARIABLE = YES;
				IPHONEOS_DEPLOYMENT_TARGET = 17.0;
				LOCALIZATION_PREFERS_STRING_CATALOGS = YES;
				MTL_ENABLE_DEBUG_INFO = INCLUDE_SOURCE;
				MTL_FAST_MATH = YES;
				ONLY_ACTIVE_ARCH = YES;
				SDKROOT = iphoneos;
				SWIFT_ACTIVE_COMPILATION_CONDITIONS = "DEBUG $(inherited)";
				SWIFT_OPTIMIZATION_LEVEL = "-Onone";
			};
			name = Debug;
		};
		63C17B332B0337B20051B486 /* Release */ = {
			isa = XCBuildConfiguration;
			buildSettings = {
				ALWAYS_SEARCH_USER_PATHS = NO;
				ASSETCATALOG_COMPILER_GENERATE_SWIFT_ASSET_SYMBOL_EXTENSIONS = YES;
				CLANG_ANALYZER_NONNULL = YES;
				CLANG_ANALYZER_NUMBER_OBJECT_CONVERSION = YES_AGGRESSIVE;
				CLANG_CXX_LANGUAGE_STANDARD = "gnu++20";
				CLANG_ENABLE_MODULES = YES;
				CLANG_ENABLE_OBJC_ARC = YES;
				CLANG_ENABLE_OBJC_WEAK = YES;
				CLANG_WARN_BLOCK_CAPTURE_AUTORELEASING = YES;
				CLANG_WARN_BOOL_CONVERSION = YES;
				CLANG_WARN_COMMA = YES;
				CLANG_WARN_CONSTANT_CONVERSION = YES;
				CLANG_WARN_DEPRECATED_OBJC_IMPLEMENTATIONS = YES;
				CLANG_WARN_DIRECT_OBJC_ISA_USAGE = YES_ERROR;
				CLANG_WARN_DOCUMENTATION_COMMENTS = YES;
				CLANG_WARN_EMPTY_BODY = YES;
				CLANG_WARN_ENUM_CONVERSION = YES;
				CLANG_WARN_INFINITE_RECURSION = YES;
				CLANG_WARN_INT_CONVERSION = YES;
				CLANG_WARN_NON_LITERAL_NULL_CONVERSION = YES;
				CLANG_WARN_OBJC_IMPLICIT_RETAIN_SELF = YES;
				CLANG_WARN_OBJC_LITERAL_CONVERSION = YES;
				CLANG_WARN_OBJC_ROOT_CLASS = YES_ERROR;
				CLANG_WARN_QUOTED_INCLUDE_IN_FRAMEWORK_HEADER = YES;
				CLANG_WARN_RANGE_LOOP_ANALYSIS = YES;
				CLANG_WARN_STRICT_PROTOTYPES = YES;
				CLANG_WARN_SUSPICIOUS_MOVE = YES;
				CLANG_WARN_UNGUARDED_AVAILABILITY = YES_AGGRESSIVE;
				CLANG_WARN_UNREACHABLE_CODE = YES;
				CLANG_WARN__DUPLICATE_METHOD_MATCH = YES;
				COPY_PHASE_STRIP = NO;
				DEBUG_INFORMATION_FORMAT = "dwarf-with-dsym";
				ENABLE_NS_ASSERTIONS = NO;
				ENABLE_STRICT_OBJC_MSGSEND = YES;
				ENABLE_USER_SCRIPT_SANDBOXING = YES;
				GCC_C_LANGUAGE_STANDARD = gnu17;
				GCC_NO_COMMON_BLOCKS = YES;
				GCC_WARN_64_TO_32_BIT_CONVERSION = YES;
				GCC_WARN_ABOUT_RETURN_TYPE = YES_ERROR;
				GCC_WARN_UNDECLARED_SELECTOR = YES;
				GCC_WARN_UNINITIALIZED_AUTOS = YES_AGGRESSIVE;
				GCC_WARN_UNUSED_FUNCTION = YES;
				GCC_WARN_UNUSED_VARIABLE = YES;
				IPHONEOS_DEPLOYMENT_TARGET = 17.0;
				LOCALIZATION_PREFERS_STRING_CATALOGS = YES;
				MTL_ENABLE_DEBUG_INFO = NO;
				MTL_FAST_MATH = YES;
				SDKROOT = iphoneos;
				SWIFT_COMPILATION_MODE = wholemodule;
				VALIDATE_PRODUCT = YES;
			};
			name = Release;
		};
		63C17B352B0337B20051B486 /* Debug */ = {
			isa = XCBuildConfiguration;
			buildSettings = {
				ASSETCATALOG_COMPILER_APPICON_NAME = AppIcon;
				ASSETCATALOG_COMPILER_GLOBAL_ACCENT_COLOR_NAME = AccentColor;
				CODE_SIGN_STYLE = Automatic;
				CURRENT_PROJECT_VERSION = 1;
				GENERATE_INFOPLIST_FILE = YES;
				INFOPLIST_FILE = "Chapter04-SideBarDIY/Info.plist";
				INFOPLIST_KEY_UIApplicationSupportsIndirectInputEvents = YES;
				INFOPLIST_KEY_UILaunchStoryboardName = LaunchScreen;
				INFOPLIST_KEY_UIMainStoryboardFile = Main;
				INFOPLIST_KEY_UISupportedInterfaceOrientations_iPad = "UIInterfaceOrientationPortrait UIInterfaceOrientationPortraitUpsideDown UIInterfaceOrientationLandscapeLeft UIInterfaceOrientationLandscapeRight";
				INFOPLIST_KEY_UISupportedInterfaceOrientations_iPhone = "UIInterfaceOrientationPortrait UIInterfaceOrientationLandscapeLeft UIInterfaceOrientationLandscapeRight";
				LD_RUNPATH_SEARCH_PATHS = (
					"$(inherited)",
					"@executable_path/Frameworks",
				);
				MARKETING_VERSION = 1.0;
				PRODUCT_BUNDLE_IDENTIFIER = "com.sunny.Chapter04-SideBarDIY";
				PRODUCT_NAME = "$(TARGET_NAME)";
				SWIFT_EMIT_LOC_STRINGS = YES;
				SWIFT_VERSION = 5.0;
				TARGETED_DEVICE_FAMILY = "1,2";
			};
			name = Debug;
		};
		63C17B362B0337B20051B486 /* Release */ = {
			isa = XCBuildConfiguration;
			buildSettings = {
				ASSETCATALOG_COMPILER_APPICON_NAME = AppIcon;
				ASSETCATALOG_COMPILER_GLOBAL_ACCENT_COLOR_NAME = AccentColor;
				CODE_SIGN_STYLE = Automatic;
				CURRENT_PROJECT_VERSION = 1;
				GENERATE_INFOPLIST_FILE = YES;
				INFOPLIST_FILE = "Chapter04-SideBarDIY/Info.plist";
				INFOPLIST_KEY_UIApplicationSupportsIndirectInputEvents = YES;
				INFOPLIST_KEY_UILaunchStoryboardName = LaunchScreen;
				INFOPLIST_KEY_UIMainStoryboardFile = Main;
				INFOPLIST_KEY_UISupportedInterfaceOrientations_iPad = "UIInterfaceOrientationPortrait UIInterfaceOrientationPortraitUpsideDown UIInterfaceOrientationLandscapeLeft UIInterfaceOrientationLandscapeRight";
				INFOPLIST_KEY_UISupportedInterfaceOrientations_iPhone = "UIInterfaceOrientationPortrait UIInterfaceOrientationLandscapeLeft UIInterfaceOrientationLandscapeRight";
				LD_RUNPATH_SEARCH_PATHS = (
					"$(inherited)",
					"@executable_path/Frameworks",
				);
				MARKETING_VERSION = 1.0;
				PRODUCT_BUNDLE_IDENTIFIER = "com.sunny.Chapter04-SideBarDIY";
				PRODUCT_NAME = "$(TARGET_NAME)";
				SWIFT_EMIT_LOC_STRINGS = YES;
				SWIFT_VERSION = 5.0;
				TARGETED_DEVICE_FAMILY = "1,2";
			};
			name = Release;
		};
/* End XCBuildConfiguration section */

/* Begin XCConfigurationList section */
		63C17B1B2B0337B10051B486 /* Build configuration list for PBXProject "Chapter04-SideBarDIY" */ = {
			isa = XCConfigurationList;
			buildConfigurations = (
				63C17B322B0337B20051B486 /* Debug */,
				63C17B332B0337B20051B486 /* Release */,
			);
			defaultConfigurationIsVisible = 0;
			defaultConfigurationName = Release;
		};
		63C17B342B0337B20051B486 /* Build configuration list for PBXNativeTarget "Chapter04-SideBarDIY" */ = {
			isa = XCConfigurationList;
			buildConfigurations = (
				63C17B352B0337B20051B486 /* Debug */,
				63C17B362B0337B20051B486 /* Release */,
			);
			defaultConfigurationIsVisible = 0;
			defaultConfigurationName = Release;
		};
/* End XCConfigurationList section */
	};
	rootObject = 63C17B182B0337B10051B486 /* Project object */;
}
